// !$*UTF8*$!
{
	archiveVersion = 1;
	classes = {
	};
	objectVersion = 46;
	objects = {

/* Begin PBXBuildFile section */
		520B2A2C15A1DE720034DCF9 /* BackSideView.m in Sources */ = {isa = PBXBuildFile; fileRef = 520B2A2A15A1DE720034DCF9 /* BackSideView.m */; };
		520B2A2F15A1E0810034DCF9 /* image-1-1024x960.jpg in Resources */ = {isa = PBXBuildFile; fileRef = 520B2A2E15A1E0810034DCF9 /* image-1-1024x960.jpg */; };
		520B2A3115A1E98A0034DCF9 /* linen.png in Resources */ = {isa = PBXBuildFile; fileRef = 520B2A3015A1E98A0034DCF9 /* linen.png */; };
		520B2A3315A1F08B0034DCF9 /* BackSideView.xib in Resources */ = {isa = PBXBuildFile; fileRef = 520B2A3215A1F08B0034DCF9 /* BackSideView.xib */; };
		520B2A3F15A2087C0034DCF9 /* BackSideView_iPad.xib in Resources */ = {isa = PBXBuildFile; fileRef = 520B2A3E15A2087C0034DCF9 /* BackSideView_iPad.xib */; };
		520C176F159F2C9000A4B4A8 /* NSData+Base64.m in Sources */ = {isa = PBXBuildFile; fileRef = 520C1725159F2C9000A4B4A8 /* NSData+Base64.m */; };
		520C1770159F2C9000A4B4A8 /* NSMutableArray+Soap.m in Sources */ = {isa = PBXBuildFile; fileRef = 520C1727159F2C9000A4B4A8 /* NSMutableArray+Soap.m */; };
		520C1771159F2C9000A4B4A8 /* Soap.m in Sources */ = {isa = PBXBuildFile; fileRef = 520C1729159F2C9000A4B4A8 /* Soap.m */; };
		520C1772159F2C9000A4B4A8 /* SoapArray.m in Sources */ = {isa = PBXBuildFile; fileRef = 520C172B159F2C9000A4B4A8 /* SoapArray.m */; };
		520C1773159F2C9000A4B4A8 /* SoapFault.m in Sources */ = {isa = PBXBuildFile; fileRef = 520C172E159F2C9000A4B4A8 /* SoapFault.m */; };
		520C1774159F2C9000A4B4A8 /* SoapHandler.m in Sources */ = {isa = PBXBuildFile; fileRef = 520C1730159F2C9000A4B4A8 /* SoapHandler.m */; };
		520C1775159F2C9000A4B4A8 /* SoapLiteral.m in Sources */ = {isa = PBXBuildFile; fileRef = 520C1732159F2C9000A4B4A8 /* SoapLiteral.m */; };
		520C1776159F2C9000A4B4A8 /* SoapNil.m in Sources */ = {isa = PBXBuildFile; fileRef = 520C1734159F2C9000A4B4A8 /* SoapNil.m */; };
		520C1777159F2C9000A4B4A8 /* SoapObject.m in Sources */ = {isa = PBXBuildFile; fileRef = 520C1736159F2C9000A4B4A8 /* SoapObject.m */; };
		520C1778159F2C9000A4B4A8 /* SoapParameter.m in Sources */ = {isa = PBXBuildFile; fileRef = 520C1738159F2C9000A4B4A8 /* SoapParameter.m */; };
		520C1779159F2C9000A4B4A8 /* SoapReachability.m in Sources */ = {isa = PBXBuildFile; fileRef = 520C173A159F2C9000A4B4A8 /* SoapReachability.m */; };
		520C177A159F2C9000A4B4A8 /* SoapRequest.m in Sources */ = {isa = PBXBuildFile; fileRef = 520C173C159F2C9000A4B4A8 /* SoapRequest.m */; };
		520C177B159F2C9000A4B4A8 /* SoapService.m in Sources */ = {isa = PBXBuildFile; fileRef = 520C173E159F2C9000A4B4A8 /* SoapService.m */; };
		520C177C159F2C9000A4B4A8 /* CXMLDocument.m in Sources */ = {isa = PBXBuildFile; fileRef = 520C1741159F2C9000A4B4A8 /* CXMLDocument.m */; };
		520C177D159F2C9000A4B4A8 /* CXMLDocument_PrivateExtensions.m in Sources */ = {isa = PBXBuildFile; fileRef = 520C1743159F2C9000A4B4A8 /* CXMLDocument_PrivateExtensions.m */; };
		520C177E159F2C9000A4B4A8 /* CXMLElement.m in Sources */ = {isa = PBXBuildFile; fileRef = 520C1745159F2C9000A4B4A8 /* CXMLElement.m */; };
		520C177F159F2C9000A4B4A8 /* CXMLNode.m in Sources */ = {isa = PBXBuildFile; fileRef = 520C1747159F2C9000A4B4A8 /* CXMLNode.m */; };
		520C1780159F2C9000A4B4A8 /* CXMLNode_PrivateExtensions.m in Sources */ = {isa = PBXBuildFile; fileRef = 520C1749159F2C9000A4B4A8 /* CXMLNode_PrivateExtensions.m */; };
		520C1781159F2C9000A4B4A8 /* CXMLNode_XPathExtensions.m in Sources */ = {isa = PBXBuildFile; fileRef = 520C174B159F2C9000A4B4A8 /* CXMLNode_XPathExtensions.m */; };
		520C1784159F2CA300A4B4A8 /* SystemConfiguration.framework in Frameworks */ = {isa = PBXBuildFile; fileRef = 520C1783159F2CA300A4B4A8 /* SystemConfiguration.framework */; };
		520C1788159F3A7900A4B4A8 /* AsyncImageView.m in Sources */ = {isa = PBXBuildFile; fileRef = 520C1787159F3A7900A4B4A8 /* AsyncImageView.m */; };
		524F22AC15AE90CD006F6007 /* MapOptions.m in Sources */ = {isa = PBXBuildFile; fileRef = 524F22AA15AE90CD006F6007 /* MapOptions.m */; };
		524F22AD15AE90CD006F6007 /* MapOptions.xib in Resources */ = {isa = PBXBuildFile; fileRef = 524F22AB15AE90CD006F6007 /* MapOptions.xib */; };
		524F22B215AE9230006F6007 /* MyNavController.m in Sources */ = {isa = PBXBuildFile; fileRef = 524F22B115AE9230006F6007 /* MyNavController.m */; };
		524F230215AE9915006F6007 /* Soap+Prefix.m in Sources */ = {isa = PBXBuildFile; fileRef = 524F22B715AE9915006F6007 /* Soap+Prefix.m */; };
		524F230315AE9915006F6007 /* SQLSTUDIOAdCycle_Result.m in Sources */ = {isa = PBXBuildFile; fileRef = 524F22B915AE9915006F6007 /* SQLSTUDIOAdCycle_Result.m */; };
		524F230415AE9915006F6007 /* SQLSTUDIOArrayOfssAudit_Result.m in Sources */ = {isa = PBXBuildFile; fileRef = 524F22BB15AE9915006F6007 /* SQLSTUDIOArrayOfssAudit_Result.m */; };
		524F230515AE9915006F6007 /* SQLSTUDIOArrayOftbl_Ad_Status_Result.m in Sources */ = {isa = PBXBuildFile; fileRef = 524F22BD15AE9915006F6007 /* SQLSTUDIOArrayOftbl_Ad_Status_Result.m */; };
		524F230615AE9915006F6007 /* SQLSTUDIOArrayOftbl_Ads_Result.m in Sources */ = {isa = PBXBuildFile; fileRef = 524F22BF15AE9915006F6007 /* SQLSTUDIOArrayOftbl_Ads_Result.m */; };
		524F230715AE9915006F6007 /* SQLSTUDIOArrayOftbl_Booking_Result.m in Sources */ = {isa = PBXBuildFile; fileRef = 524F22C115AE9915006F6007 /* SQLSTUDIOArrayOftbl_Booking_Result.m */; };
		524F230815AE9915006F6007 /* SQLSTUDIOArrayOftbl_Booking_Result_V2.m in Sources */ = {isa = PBXBuildFile; fileRef = 524F22C315AE9915006F6007 /* SQLSTUDIOArrayOftbl_Booking_Result_V2.m */; };
		524F230915AE9915006F6007 /* SQLSTUDIOArrayOftbl_Booking_Status_Result.m in Sources */ = {isa = PBXBuildFile; fileRef = 524F22C515AE9915006F6007 /* SQLSTUDIOArrayOftbl_Booking_Status_Result.m */; };
		524F230A15AE9915006F6007 /* SQLSTUDIOArrayOftbl_CMS_Tag_Result.m in Sources */ = {isa = PBXBuildFile; fileRef = 524F22C715AE9915006F6007 /* SQLSTUDIOArrayOftbl_CMS_Tag_Result.m */; };
		524F230B15AE9915006F6007 /* SQLSTUDIOArrayOftbl_Crime_Type_Result.m in Sources */ = {isa = PBXBuildFile; fileRef = 524F22C915AE9915006F6007 /* SQLSTUDIOArrayOftbl_Crime_Type_Result.m */; };
		524F230C15AE9915006F6007 /* SQLSTUDIOArrayOftbl_Market_Result.m in Sources */ = {isa = PBXBuildFile; fileRef = 524F22CB15AE9915006F6007 /* SQLSTUDIOArrayOftbl_Market_Result.m */; };
		524F230D15AE9915006F6007 /* SQLSTUDIOArrayOftbl_Market_Status_Result.m in Sources */ = {isa = PBXBuildFile; fileRef = 524F22CD15AE9915006F6007 /* SQLSTUDIOArrayOftbl_Market_Status_Result.m */; };
		524F230E15AE9915006F6007 /* SQLSTUDIOArrayOftbl_Missing_Child_Result.m in Sources */ = {isa = PBXBuildFile; fileRef = 524F22CF15AE9915006F6007 /* SQLSTUDIOArrayOftbl_Missing_Child_Result.m */; };
		524F230F15AE9915006F6007 /* SQLSTUDIOArrayOftbl_Missing_Status_Result.m in Sources */ = {isa = PBXBuildFile; fileRef = 524F22D115AE9915006F6007 /* SQLSTUDIOArrayOftbl_Missing_Status_Result.m */; };
		524F231015AE9915006F6007 /* SQLSTUDIOArrayOftbl_Most_Wanted_Result.m in Sources */ = {isa = PBXBuildFile; fileRef = 524F22D315AE9915006F6007 /* SQLSTUDIOArrayOftbl_Most_Wanted_Result.m */; };
		524F231115AE9915006F6007 /* SQLSTUDIOArrayOftbl_Race_Result.m in Sources */ = {isa = PBXBuildFile; fileRef = 524F22D515AE9915006F6007 /* SQLSTUDIOArrayOftbl_Race_Result.m */; };
		524F231215AE9915006F6007 /* SQLSTUDIOArrayOftbl_Sex_Result.m in Sources */ = {isa = PBXBuildFile; fileRef = 524F22D715AE9915006F6007 /* SQLSTUDIOArrayOftbl_Sex_Result.m */; };
		524F231315AE9915006F6007 /* SQLSTUDIOArrayOftbl_User_Result.m in Sources */ = {isa = PBXBuildFile; fileRef = 524F22D915AE9915006F6007 /* SQLSTUDIOArrayOftbl_User_Result.m */; };
		524F231415AE9915006F6007 /* SQLSTUDIOArrayOftbl_Wanted_Status_Result.m in Sources */ = {isa = PBXBuildFile; fileRef = 524F22DB15AE9915006F6007 /* SQLSTUDIOArrayOftbl_Wanted_Status_Result.m */; };
		524F231515AE9915006F6007 /* SQLSTUDIOMyService.m in Sources */ = {isa = PBXBuildFile; fileRef = 524F22DD15AE9915006F6007 /* SQLSTUDIOMyService.m */; };
		524F231615AE9915006F6007 /* SQLSTUDIOServices.m in Sources */ = {isa = PBXBuildFile; fileRef = 524F22DF15AE9915006F6007 /* SQLSTUDIOServices.m */; };
		524F231715AE9915006F6007 /* SQLSTUDIOssAudit_Result.m in Sources */ = {isa = PBXBuildFile; fileRef = 524F22E115AE9915006F6007 /* SQLSTUDIOssAudit_Result.m */; };
		524F231815AE9915006F6007 /* SQLSTUDIOtbl_Ad_Status_Result.m in Sources */ = {isa = PBXBuildFile; fileRef = 524F22E315AE9915006F6007 /* SQLSTUDIOtbl_Ad_Status_Result.m */; };
		524F231915AE9915006F6007 /* SQLSTUDIOtbl_Ads_Result.m in Sources */ = {isa = PBXBuildFile; fileRef = 524F22E515AE9915006F6007 /* SQLSTUDIOtbl_Ads_Result.m */; };
		524F231A15AE9915006F6007 /* SQLSTUDIOtbl_Booking_Result.m in Sources */ = {isa = PBXBuildFile; fileRef = 524F22E715AE9915006F6007 /* SQLSTUDIOtbl_Booking_Result.m */; };
		524F231B15AE9915006F6007 /* SQLSTUDIOtbl_Booking_Result_V2.m in Sources */ = {isa = PBXBuildFile; fileRef = 524F22E915AE9915006F6007 /* SQLSTUDIOtbl_Booking_Result_V2.m */; };
		524F231C15AE9915006F6007 /* SQLSTUDIOtbl_Booking_Status_Result.m in Sources */ = {isa = PBXBuildFile; fileRef = 524F22EB15AE9915006F6007 /* SQLSTUDIOtbl_Booking_Status_Result.m */; };
		524F231D15AE9915006F6007 /* SQLSTUDIOtbl_CMS_Tag_Result.m in Sources */ = {isa = PBXBuildFile; fileRef = 524F22ED15AE9915006F6007 /* SQLSTUDIOtbl_CMS_Tag_Result.m */; };
		524F231E15AE9915006F6007 /* SQLSTUDIOtbl_Crime_Type_Result.m in Sources */ = {isa = PBXBuildFile; fileRef = 524F22EF15AE9915006F6007 /* SQLSTUDIOtbl_Crime_Type_Result.m */; };
		524F231F15AE9915006F6007 /* SQLSTUDIOtbl_Market_Result.m in Sources */ = {isa = PBXBuildFile; fileRef = 524F22F115AE9915006F6007 /* SQLSTUDIOtbl_Market_Result.m */; };
		524F232015AE9915006F6007 /* SQLSTUDIOtbl_Market_Status_Result.m in Sources */ = {isa = PBXBuildFile; fileRef = 524F22F315AE9915006F6007 /* SQLSTUDIOtbl_Market_Status_Result.m */; };
		524F232115AE9915006F6007 /* SQLSTUDIOtbl_Missing_Child_Result.m in Sources */ = {isa = PBXBuildFile; fileRef = 524F22F515AE9915006F6007 /* SQLSTUDIOtbl_Missing_Child_Result.m */; };
		524F232215AE9915006F6007 /* SQLSTUDIOtbl_Missing_Status_Result.m in Sources */ = {isa = PBXBuildFile; fileRef = 524F22F715AE9915006F6007 /* SQLSTUDIOtbl_Missing_Status_Result.m */; };
		524F232315AE9915006F6007 /* SQLSTUDIOtbl_Most_Wanted_Result.m in Sources */ = {isa = PBXBuildFile; fileRef = 524F22F915AE9915006F6007 /* SQLSTUDIOtbl_Most_Wanted_Result.m */; };
		524F232415AE9915006F6007 /* SQLSTUDIOtbl_Race_Result.m in Sources */ = {isa = PBXBuildFile; fileRef = 524F22FB15AE9915006F6007 /* SQLSTUDIOtbl_Race_Result.m */; };
		524F232515AE9915006F6007 /* SQLSTUDIOtbl_Sex_Result.m in Sources */ = {isa = PBXBuildFile; fileRef = 524F22FD15AE9915006F6007 /* SQLSTUDIOtbl_Sex_Result.m */; };
		524F232615AE9915006F6007 /* SQLSTUDIOtbl_User_Result.m in Sources */ = {isa = PBXBuildFile; fileRef = 524F22FF15AE9915006F6007 /* SQLSTUDIOtbl_User_Result.m */; };
		524F232715AE9915006F6007 /* SQLSTUDIOtbl_Wanted_Status_Result.m in Sources */ = {isa = PBXBuildFile; fileRef = 524F230115AE9915006F6007 /* SQLSTUDIOtbl_Wanted_Status_Result.m */; };
		524F232915AEA6CF006F6007 /* cogs.png in Resources */ = {isa = PBXBuildFile; fileRef = 524F232815AEA6CF006F6007 /* cogs.png */; };
		527C232E15AC77CE004F0D84 /* Options_iPad.xib in Resources */ = {isa = PBXBuildFile; fileRef = 527C232A15AC77CE004F0D84 /* Options_iPad.xib */; };
		527C232F15AC77CE004F0D84 /* Options.m in Sources */ = {isa = PBXBuildFile; fileRef = 527C232C15AC77CE004F0D84 /* Options.m */; };
		527C233015AC77CE004F0D84 /* Options.xib in Resources */ = {isa = PBXBuildFile; fileRef = 527C232D15AC77CE004F0D84 /* Options.xib */; };
		52880308159ECC1700C5D04A /* UIKit.framework in Frameworks */ = {isa = PBXBuildFile; fileRef = 52880307159ECC1700C5D04A /* UIKit.framework */; };
		5288030A159ECC1700C5D04A /* Foundation.framework in Frameworks */ = {isa = PBXBuildFile; fileRef = 52880309159ECC1700C5D04A /* Foundation.framework */; };
		5288030C159ECC1700C5D04A /* CoreGraphics.framework in Frameworks */ = {isa = PBXBuildFile; fileRef = 5288030B159ECC1700C5D04A /* CoreGraphics.framework */; };
		52880312159ECC1700C5D04A /* InfoPlist.strings in Resources */ = {isa = PBXBuildFile; fileRef = 52880310159ECC1700C5D04A /* InfoPlist.strings */; };
		52880314159ECC1700C5D04A /* main.m in Sources */ = {isa = PBXBuildFile; fileRef = 52880313159ECC1700C5D04A /* main.m */; };
		52880318159ECC1700C5D04A /* AppDelegate.m in Sources */ = {isa = PBXBuildFile; fileRef = 52880317159ECC1700C5D04A /* AppDelegate.m */; };
		5288031B159ECC1700C5D04A /* ViewController.m in Sources */ = {isa = PBXBuildFile; fileRef = 5288031A159ECC1700C5D04A /* ViewController.m */; };
		5288031E159ECC1700C5D04A /* ViewController_iPhone.xib in Resources */ = {isa = PBXBuildFile; fileRef = 5288031C159ECC1700C5D04A /* ViewController_iPhone.xib */; };
		52880321159ECC1700C5D04A /* ViewController_iPad.xib in Resources */ = {isa = PBXBuildFile; fileRef = 5288031F159ECC1700C5D04A /* ViewController_iPad.xib */; };
		52880339159ED20000C5D04A /* QuartzCore.framework in Frameworks */ = {isa = PBXBuildFile; fileRef = 52880338159ED20000C5D04A /* QuartzCore.framework */; };
		5289012D15A3E2840059098B /* Arrowup.png in Resources */ = {isa = PBXBuildFile; fileRef = 5289012C15A3E2840059098B /* Arrowup.png */; };
		52964BB415A6A3180022BD26 /* goldstar.png in Resources */ = {isa = PBXBuildFile; fileRef = 52964BB315A6A3180022BD26 /* goldstar.png */; };
		52964C2E15A7E4760022BD26 /* slate320.png in Resources */ = {isa = PBXBuildFile; fileRef = 52964C2C15A7E4760022BD26 /* slate320.png */; };
		52964C2F15A7E4760022BD26 /* slate768.png in Resources */ = {isa = PBXBuildFile; fileRef = 52964C2D15A7E4760022BD26 /* slate768.png */; };
		52964C3115A7E6520022BD26 /* penrose.png in Resources */ = {isa = PBXBuildFile; fileRef = 52964C3015A7E6520022BD26 /* penrose.png */; };
		52964C3315A7F46A0022BD26 /* anibar.gif in Resources */ = {isa = PBXBuildFile; fileRef = 52964C3215A7F46A0022BD26 /* anibar.gif */; };
		52964C6115A86A110022BD26 /* Facebook.m in Sources */ = {isa = PBXBuildFile; fileRef = 52964C4415A86A100022BD26 /* Facebook.m */; };
		52964C6215A86A110022BD26 /* FBDialog.bundle in Resources */ = {isa = PBXBuildFile; fileRef = 52964C4715A86A100022BD26 /* FBDialog.bundle */; };
		52964C6315A86A110022BD26 /* FBDialog.m in Sources */ = {isa = PBXBuildFile; fileRef = 52964C4915A86A100022BD26 /* FBDialog.m */; };
		52964C6415A86A110022BD26 /* FBFrictionlessRequestSettings.m in Sources */ = {isa = PBXBuildFile; fileRef = 52964C4B15A86A100022BD26 /* FBFrictionlessRequestSettings.m */; };
		52964C6515A86A110022BD26 /* FBLoginDialog.m in Sources */ = {isa = PBXBuildFile; fileRef = 52964C4D15A86A100022BD26 /* FBLoginDialog.m */; };
		52964C6615A86A110022BD26 /* FBRequest.m in Sources */ = {isa = PBXBuildFile; fileRef = 52964C4F15A86A100022BD26 /* FBRequest.m */; };
		52964C6715A86A110022BD26 /* NSObject+SBJSON.m in Sources */ = {isa = PBXBuildFile; fileRef = 52964C5315A86A100022BD26 /* NSObject+SBJSON.m */; };
		52964C6815A86A110022BD26 /* NSString+SBJSON.m in Sources */ = {isa = PBXBuildFile; fileRef = 52964C5515A86A100022BD26 /* NSString+SBJSON.m */; };
		52964C6915A86A110022BD26 /* SBJSON.m in Sources */ = {isa = PBXBuildFile; fileRef = 52964C5715A86A100022BD26 /* SBJSON.m */; };
		52964C6A15A86A110022BD26 /* SBJsonBase.m in Sources */ = {isa = PBXBuildFile; fileRef = 52964C5915A86A100022BD26 /* SBJsonBase.m */; };
		52964C6B15A86A110022BD26 /* SBJsonParser.m in Sources */ = {isa = PBXBuildFile; fileRef = 52964C5B15A86A100022BD26 /* SBJsonParser.m */; };
		52964C6C15A86A110022BD26 /* SBJsonWriter.m in Sources */ = {isa = PBXBuildFile; fileRef = 52964C5D15A86A100022BD26 /* SBJsonWriter.m */; };
		52964C7115A870760022BD26 /* facebook-fan-icon-shadow.png in Resources */ = {isa = PBXBuildFile; fileRef = 52964C7015A870760022BD26 /* facebook-fan-icon-shadow.png */; };
		52964C7315A877370022BD26 /* Twitter.framework in Frameworks */ = {isa = PBXBuildFile; fileRef = 52964C7215A877370022BD26 /* Twitter.framework */; };
		52964C7515A877650022BD26 /* Twitter.png in Resources */ = {isa = PBXBuildFile; fileRef = 52964C7415A877650022BD26 /* Twitter.png */; };
		52964C8215AA62080022BD26 /* Main_Window.xib in Resources */ = {isa = PBXBuildFile; fileRef = 52964C8115AA62080022BD26 /* Main_Window.xib */; };
		52964C8C15AA66260022BD26 /* MapKit.framework in Frameworks */ = {isa = PBXBuildFile; fileRef = 52964C8B15AA66250022BD26 /* MapKit.framework */; };
		52964C8E15AA67040022BD26 /* CoreLocation.framework in Frameworks */ = {isa = PBXBuildFile; fileRef = 52964C8D15AA67040022BD26 /* CoreLocation.framework */; };
		52964C9015AA686C0022BD26 /* Accounts.framework in Frameworks */ = {isa = PBXBuildFile; fileRef = 52964C8F15AA686C0022BD26 /* Accounts.framework */; };
		52964C9915AA69690022BD26 /* MapView_iPad.xib in Resources */ = {isa = PBXBuildFile; fileRef = 52964C9515AA69690022BD26 /* MapView_iPad.xib */; };
		52964C9A15AA69690022BD26 /* MapView.m in Sources */ = {isa = PBXBuildFile; fileRef = 52964C9715AA69690022BD26 /* MapView.m */; };
		52964C9B15AA69690022BD26 /* MapView.xib in Resources */ = {isa = PBXBuildFile; fileRef = 52964C9815AA69690022BD26 /* MapView.xib */; };
		52964C9E15AA69FE0022BD26 /* MyAnnotation.m in Sources */ = {isa = PBXBuildFile; fileRef = 52964C9D15AA69FE0022BD26 /* MyAnnotation.m */; };
/* End PBXBuildFile section */

/* Begin PBXContainerItemProxy section */
		52964C6E15A86A110022BD26 /* PBXContainerItemProxy */ = {
			isa = PBXContainerItemProxy;
			containerPortal = 52964C4015A86A100022BD26 /* facebook-ios-sdk.xcodeproj */;
			proxyType = 2;
			remoteGlobalIDString = D2AAC07E0554694100DB518D;
			remoteInfo = "facebook-ios-sdk";
		};
/* End PBXContainerItemProxy section */

/* Begin PBXFileReference section */
		520B2A2915A1DE720034DCF9 /* BackSideView.h */ = {isa = PBXFileReference; fileEncoding = 4; lastKnownFileType = sourcecode.c.h; path = BackSideView.h; sourceTree = "<group>"; };
		520B2A2A15A1DE720034DCF9 /* BackSideView.m */ = {isa = PBXFileReference; fileEncoding = 4; lastKnownFileType = sourcecode.c.objc; path = BackSideView.m; sourceTree = "<group>"; };
		520B2A2E15A1E0810034DCF9 /* image-1-1024x960.jpg */ = {isa = PBXFileReference; lastKnownFileType = image.jpeg; path = "image-1-1024x960.jpg"; sourceTree = "<group>"; };
		520B2A3015A1E98A0034DCF9 /* linen.png */ = {isa = PBXFileReference; lastKnownFileType = image.png; path = linen.png; sourceTree = "<group>"; };
		520B2A3215A1F08B0034DCF9 /* BackSideView.xib */ = {isa = PBXFileReference; fileEncoding = 4; lastKnownFileType = file.xib; path = BackSideView.xib; sourceTree = "<group>"; };
		520B2A3E15A2087C0034DCF9 /* BackSideView_iPad.xib */ = {isa = PBXFileReference; fileEncoding = 4; lastKnownFileType = file.xib; path = BackSideView_iPad.xib; sourceTree = "<group>"; };
		520C1724159F2C9000A4B4A8 /* NSData+Base64.h */ = {isa = PBXFileReference; fileEncoding = 4; lastKnownFileType = sourcecode.c.h; path = "NSData+Base64.h"; sourceTree = "<group>"; };
		520C1725159F2C9000A4B4A8 /* NSData+Base64.m */ = {isa = PBXFileReference; fileEncoding = 4; lastKnownFileType = sourcecode.c.objc; path = "NSData+Base64.m"; sourceTree = "<group>"; };
		520C1726159F2C9000A4B4A8 /* NSMutableArray+Soap.h */ = {isa = PBXFileReference; fileEncoding = 4; lastKnownFileType = sourcecode.c.h; path = "NSMutableArray+Soap.h"; sourceTree = "<group>"; };
		520C1727159F2C9000A4B4A8 /* NSMutableArray+Soap.m */ = {isa = PBXFileReference; fileEncoding = 4; lastKnownFileType = sourcecode.c.objc; path = "NSMutableArray+Soap.m"; sourceTree = "<group>"; };
		520C1728159F2C9000A4B4A8 /* Soap.h */ = {isa = PBXFileReference; fileEncoding = 4; lastKnownFileType = sourcecode.c.h; path = Soap.h; sourceTree = "<group>"; };
		520C1729159F2C9000A4B4A8 /* Soap.m */ = {isa = PBXFileReference; fileEncoding = 4; lastKnownFileType = sourcecode.c.objc; path = Soap.m; sourceTree = "<group>"; };
		520C172A159F2C9000A4B4A8 /* SoapArray.h */ = {isa = PBXFileReference; fileEncoding = 4; lastKnownFileType = sourcecode.c.h; path = SoapArray.h; sourceTree = "<group>"; };
		520C172B159F2C9000A4B4A8 /* SoapArray.m */ = {isa = PBXFileReference; fileEncoding = 4; lastKnownFileType = sourcecode.c.objc; path = SoapArray.m; sourceTree = "<group>"; };
		520C172C159F2C9000A4B4A8 /* SoapDelegate.h */ = {isa = PBXFileReference; fileEncoding = 4; lastKnownFileType = sourcecode.c.h; path = SoapDelegate.h; sourceTree = "<group>"; };
		520C172D159F2C9000A4B4A8 /* SoapFault.h */ = {isa = PBXFileReference; fileEncoding = 4; lastKnownFileType = sourcecode.c.h; path = SoapFault.h; sourceTree = "<group>"; };
		520C172E159F2C9000A4B4A8 /* SoapFault.m */ = {isa = PBXFileReference; fileEncoding = 4; lastKnownFileType = sourcecode.c.objc; path = SoapFault.m; sourceTree = "<group>"; };
		520C172F159F2C9000A4B4A8 /* SoapHandler.h */ = {isa = PBXFileReference; fileEncoding = 4; lastKnownFileType = sourcecode.c.h; path = SoapHandler.h; sourceTree = "<group>"; };
		520C1730159F2C9000A4B4A8 /* SoapHandler.m */ = {isa = PBXFileReference; fileEncoding = 4; lastKnownFileType = sourcecode.c.objc; path = SoapHandler.m; sourceTree = "<group>"; };
		520C1731159F2C9000A4B4A8 /* SoapLiteral.h */ = {isa = PBXFileReference; fileEncoding = 4; lastKnownFileType = sourcecode.c.h; path = SoapLiteral.h; sourceTree = "<group>"; };
		520C1732159F2C9000A4B4A8 /* SoapLiteral.m */ = {isa = PBXFileReference; fileEncoding = 4; lastKnownFileType = sourcecode.c.objc; path = SoapLiteral.m; sourceTree = "<group>"; };
		520C1733159F2C9000A4B4A8 /* SoapNil.h */ = {isa = PBXFileReference; fileEncoding = 4; lastKnownFileType = sourcecode.c.h; path = SoapNil.h; sourceTree = "<group>"; };
		520C1734159F2C9000A4B4A8 /* SoapNil.m */ = {isa = PBXFileReference; fileEncoding = 4; lastKnownFileType = sourcecode.c.objc; path = SoapNil.m; sourceTree = "<group>"; };
		520C1735159F2C9000A4B4A8 /* SoapObject.h */ = {isa = PBXFileReference; fileEncoding = 4; lastKnownFileType = sourcecode.c.h; path = SoapObject.h; sourceTree = "<group>"; };
		520C1736159F2C9000A4B4A8 /* SoapObject.m */ = {isa = PBXFileReference; fileEncoding = 4; lastKnownFileType = sourcecode.c.objc; path = SoapObject.m; sourceTree = "<group>"; };
		520C1737159F2C9000A4B4A8 /* SoapParameter.h */ = {isa = PBXFileReference; fileEncoding = 4; lastKnownFileType = sourcecode.c.h; path = SoapParameter.h; sourceTree = "<group>"; };
		520C1738159F2C9000A4B4A8 /* SoapParameter.m */ = {isa = PBXFileReference; fileEncoding = 4; lastKnownFileType = sourcecode.c.objc; path = SoapParameter.m; sourceTree = "<group>"; };
		520C1739159F2C9000A4B4A8 /* SoapReachability.h */ = {isa = PBXFileReference; fileEncoding = 4; lastKnownFileType = sourcecode.c.h; path = SoapReachability.h; sourceTree = "<group>"; };
		520C173A159F2C9000A4B4A8 /* SoapReachability.m */ = {isa = PBXFileReference; fileEncoding = 4; lastKnownFileType = sourcecode.c.objc; path = SoapReachability.m; sourceTree = "<group>"; };
		520C173B159F2C9000A4B4A8 /* SoapRequest.h */ = {isa = PBXFileReference; fileEncoding = 4; lastKnownFileType = sourcecode.c.h; path = SoapRequest.h; sourceTree = "<group>"; };
		520C173C159F2C9000A4B4A8 /* SoapRequest.m */ = {isa = PBXFileReference; fileEncoding = 4; lastKnownFileType = sourcecode.c.objc; path = SoapRequest.m; sourceTree = "<group>"; };
		520C173D159F2C9000A4B4A8 /* SoapService.h */ = {isa = PBXFileReference; fileEncoding = 4; lastKnownFileType = sourcecode.c.h; path = SoapService.h; sourceTree = "<group>"; };
		520C173E159F2C9000A4B4A8 /* SoapService.m */ = {isa = PBXFileReference; fileEncoding = 4; lastKnownFileType = sourcecode.c.objc; path = SoapService.m; sourceTree = "<group>"; };
		520C1740159F2C9000A4B4A8 /* CXMLDocument.h */ = {isa = PBXFileReference; fileEncoding = 4; lastKnownFileType = sourcecode.c.h; path = CXMLDocument.h; sourceTree = "<group>"; };
		520C1741159F2C9000A4B4A8 /* CXMLDocument.m */ = {isa = PBXFileReference; fileEncoding = 4; lastKnownFileType = sourcecode.c.objc; path = CXMLDocument.m; sourceTree = "<group>"; };
		520C1742159F2C9000A4B4A8 /* CXMLDocument_PrivateExtensions.h */ = {isa = PBXFileReference; fileEncoding = 4; lastKnownFileType = sourcecode.c.h; path = CXMLDocument_PrivateExtensions.h; sourceTree = "<group>"; };
		520C1743159F2C9000A4B4A8 /* CXMLDocument_PrivateExtensions.m */ = {isa = PBXFileReference; fileEncoding = 4; lastKnownFileType = sourcecode.c.objc; path = CXMLDocument_PrivateExtensions.m; sourceTree = "<group>"; };
		520C1744159F2C9000A4B4A8 /* CXMLElement.h */ = {isa = PBXFileReference; fileEncoding = 4; lastKnownFileType = sourcecode.c.h; path = CXMLElement.h; sourceTree = "<group>"; };
		520C1745159F2C9000A4B4A8 /* CXMLElement.m */ = {isa = PBXFileReference; fileEncoding = 4; lastKnownFileType = sourcecode.c.objc; path = CXMLElement.m; sourceTree = "<group>"; };
		520C1746159F2C9000A4B4A8 /* CXMLNode.h */ = {isa = PBXFileReference; fileEncoding = 4; lastKnownFileType = sourcecode.c.h; path = CXMLNode.h; sourceTree = "<group>"; };
		520C1747159F2C9000A4B4A8 /* CXMLNode.m */ = {isa = PBXFileReference; fileEncoding = 4; lastKnownFileType = sourcecode.c.objc; path = CXMLNode.m; sourceTree = "<group>"; };
		520C1748159F2C9000A4B4A8 /* CXMLNode_PrivateExtensions.h */ = {isa = PBXFileReference; fileEncoding = 4; lastKnownFileType = sourcecode.c.h; path = CXMLNode_PrivateExtensions.h; sourceTree = "<group>"; };
		520C1749159F2C9000A4B4A8 /* CXMLNode_PrivateExtensions.m */ = {isa = PBXFileReference; fileEncoding = 4; lastKnownFileType = sourcecode.c.objc; path = CXMLNode_PrivateExtensions.m; sourceTree = "<group>"; };
		520C174A159F2C9000A4B4A8 /* CXMLNode_XPathExtensions.h */ = {isa = PBXFileReference; fileEncoding = 4; lastKnownFileType = sourcecode.c.h; path = CXMLNode_XPathExtensions.h; sourceTree = "<group>"; };
		520C174B159F2C9000A4B4A8 /* CXMLNode_XPathExtensions.m */ = {isa = PBXFileReference; fileEncoding = 4; lastKnownFileType = sourcecode.c.objc; path = CXMLNode_XPathExtensions.m; sourceTree = "<group>"; };
		520C174C159F2C9000A4B4A8 /* TouchXML.h */ = {isa = PBXFileReference; fileEncoding = 4; lastKnownFileType = sourcecode.c.h; path = TouchXML.h; sourceTree = "<group>"; };
		520C1783159F2CA300A4B4A8 /* SystemConfiguration.framework */ = {isa = PBXFileReference; lastKnownFileType = wrapper.framework; name = SystemConfiguration.framework; path = System/Library/Frameworks/SystemConfiguration.framework; sourceTree = SDKROOT; };
		520C1786159F3A7900A4B4A8 /* AsyncImageView.h */ = {isa = PBXFileReference; fileEncoding = 4; lastKnownFileType = sourcecode.c.h; path = AsyncImageView.h; sourceTree = "<group>"; };
		520C1787159F3A7900A4B4A8 /* AsyncImageView.m */ = {isa = PBXFileReference; fileEncoding = 4; lastKnownFileType = sourcecode.c.objc; path = AsyncImageView.m; sourceTree = "<group>"; };
		524F22A915AE90CD006F6007 /* MapOptions.h */ = {isa = PBXFileReference; fileEncoding = 4; lastKnownFileType = sourcecode.c.h; path = MapOptions.h; sourceTree = "<group>"; };
		524F22AA15AE90CD006F6007 /* MapOptions.m */ = {isa = PBXFileReference; fileEncoding = 4; lastKnownFileType = sourcecode.c.objc; path = MapOptions.m; sourceTree = "<group>"; };
		524F22AB15AE90CD006F6007 /* MapOptions.xib */ = {isa = PBXFileReference; fileEncoding = 4; lastKnownFileType = file.xib; path = MapOptions.xib; sourceTree = "<group>"; };
		524F22B015AE9230006F6007 /* MyNavController.h */ = {isa = PBXFileReference; fileEncoding = 4; lastKnownFileType = sourcecode.c.h; name = MyNavController.h; path = FlipView/MyNavController.h; sourceTree = "<group>"; };
		524F22B115AE9230006F6007 /* MyNavController.m */ = {isa = PBXFileReference; fileEncoding = 4; lastKnownFileType = sourcecode.c.objc; name = MyNavController.m; path = FlipView/MyNavController.m; sourceTree = "<group>"; };
		524F22B615AE9915006F6007 /* Soap+Prefix.h */ = {isa = PBXFileReference; fileEncoding = 4; lastKnownFileType = sourcecode.c.h; path = "Soap+Prefix.h"; sourceTree = "<group>"; };
		524F22B715AE9915006F6007 /* Soap+Prefix.m */ = {isa = PBXFileReference; fileEncoding = 4; lastKnownFileType = sourcecode.c.objc; path = "Soap+Prefix.m"; sourceTree = "<group>"; };
		524F22B815AE9915006F6007 /* SQLSTUDIOAdCycle_Result.h */ = {isa = PBXFileReference; fileEncoding = 4; lastKnownFileType = sourcecode.c.h; path = SQLSTUDIOAdCycle_Result.h; sourceTree = "<group>"; };
		524F22B915AE9915006F6007 /* SQLSTUDIOAdCycle_Result.m */ = {isa = PBXFileReference; fileEncoding = 4; lastKnownFileType = sourcecode.c.objc; path = SQLSTUDIOAdCycle_Result.m; sourceTree = "<group>"; };
		524F22BA15AE9915006F6007 /* SQLSTUDIOArrayOfssAudit_Result.h */ = {isa = PBXFileReference; fileEncoding = 4; lastKnownFileType = sourcecode.c.h; path = SQLSTUDIOArrayOfssAudit_Result.h; sourceTree = "<group>"; };
		524F22BB15AE9915006F6007 /* SQLSTUDIOArrayOfssAudit_Result.m */ = {isa = PBXFileReference; fileEncoding = 4; lastKnownFileType = sourcecode.c.objc; path = SQLSTUDIOArrayOfssAudit_Result.m; sourceTree = "<group>"; };
		524F22BC15AE9915006F6007 /* SQLSTUDIOArrayOftbl_Ad_Status_Result.h */ = {isa = PBXFileReference; fileEncoding = 4; lastKnownFileType = sourcecode.c.h; path = SQLSTUDIOArrayOftbl_Ad_Status_Result.h; sourceTree = "<group>"; };
		524F22BD15AE9915006F6007 /* SQLSTUDIOArrayOftbl_Ad_Status_Result.m */ = {isa = PBXFileReference; fileEncoding = 4; lastKnownFileType = sourcecode.c.objc; path = SQLSTUDIOArrayOftbl_Ad_Status_Result.m; sourceTree = "<group>"; };
		524F22BE15AE9915006F6007 /* SQLSTUDIOArrayOftbl_Ads_Result.h */ = {isa = PBXFileReference; fileEncoding = 4; lastKnownFileType = sourcecode.c.h; path = SQLSTUDIOArrayOftbl_Ads_Result.h; sourceTree = "<group>"; };
		524F22BF15AE9915006F6007 /* SQLSTUDIOArrayOftbl_Ads_Result.m */ = {isa = PBXFileReference; fileEncoding = 4; lastKnownFileType = sourcecode.c.objc; path = SQLSTUDIOArrayOftbl_Ads_Result.m; sourceTree = "<group>"; };
		524F22C015AE9915006F6007 /* SQLSTUDIOArrayOftbl_Booking_Result.h */ = {isa = PBXFileReference; fileEncoding = 4; lastKnownFileType = sourcecode.c.h; path = SQLSTUDIOArrayOftbl_Booking_Result.h; sourceTree = "<group>"; };
		524F22C115AE9915006F6007 /* SQLSTUDIOArrayOftbl_Booking_Result.m */ = {isa = PBXFileReference; fileEncoding = 4; lastKnownFileType = sourcecode.c.objc; path = SQLSTUDIOArrayOftbl_Booking_Result.m; sourceTree = "<group>"; };
		524F22C215AE9915006F6007 /* SQLSTUDIOArrayOftbl_Booking_Result_V2.h */ = {isa = PBXFileReference; fileEncoding = 4; lastKnownFileType = sourcecode.c.h; path = SQLSTUDIOArrayOftbl_Booking_Result_V2.h; sourceTree = "<group>"; };
		524F22C315AE9915006F6007 /* SQLSTUDIOArrayOftbl_Booking_Result_V2.m */ = {isa = PBXFileReference; fileEncoding = 4; lastKnownFileType = sourcecode.c.objc; path = SQLSTUDIOArrayOftbl_Booking_Result_V2.m; sourceTree = "<group>"; };
		524F22C415AE9915006F6007 /* SQLSTUDIOArrayOftbl_Booking_Status_Result.h */ = {isa = PBXFileReference; fileEncoding = 4; lastKnownFileType = sourcecode.c.h; path = SQLSTUDIOArrayOftbl_Booking_Status_Result.h; sourceTree = "<group>"; };
		524F22C515AE9915006F6007 /* SQLSTUDIOArrayOftbl_Booking_Status_Result.m */ = {isa = PBXFileReference; fileEncoding = 4; lastKnownFileType = sourcecode.c.objc; path = SQLSTUDIOArrayOftbl_Booking_Status_Result.m; sourceTree = "<group>"; };
		524F22C615AE9915006F6007 /* SQLSTUDIOArrayOftbl_CMS_Tag_Result.h */ = {isa = PBXFileReference; fileEncoding = 4; lastKnownFileType = sourcecode.c.h; path = SQLSTUDIOArrayOftbl_CMS_Tag_Result.h; sourceTree = "<group>"; };
		524F22C715AE9915006F6007 /* SQLSTUDIOArrayOftbl_CMS_Tag_Result.m */ = {isa = PBXFileReference; fileEncoding = 4; lastKnownFileType = sourcecode.c.objc; path = SQLSTUDIOArrayOftbl_CMS_Tag_Result.m; sourceTree = "<group>"; };
		524F22C815AE9915006F6007 /* SQLSTUDIOArrayOftbl_Crime_Type_Result.h */ = {isa = PBXFileReference; fileEncoding = 4; lastKnownFileType = sourcecode.c.h; path = SQLSTUDIOArrayOftbl_Crime_Type_Result.h; sourceTree = "<group>"; };
		524F22C915AE9915006F6007 /* SQLSTUDIOArrayOftbl_Crime_Type_Result.m */ = {isa = PBXFileReference; fileEncoding = 4; lastKnownFileType = sourcecode.c.objc; path = SQLSTUDIOArrayOftbl_Crime_Type_Result.m; sourceTree = "<group>"; };
		524F22CA15AE9915006F6007 /* SQLSTUDIOArrayOftbl_Market_Result.h */ = {isa = PBXFileReference; fileEncoding = 4; lastKnownFileType = sourcecode.c.h; path = SQLSTUDIOArrayOftbl_Market_Result.h; sourceTree = "<group>"; };
		524F22CB15AE9915006F6007 /* SQLSTUDIOArrayOftbl_Market_Result.m */ = {isa = PBXFileReference; fileEncoding = 4; lastKnownFileType = sourcecode.c.objc; path = SQLSTUDIOArrayOftbl_Market_Result.m; sourceTree = "<group>"; };
		524F22CC15AE9915006F6007 /* SQLSTUDIOArrayOftbl_Market_Status_Result.h */ = {isa = PBXFileReference; fileEncoding = 4; lastKnownFileType = sourcecode.c.h; path = SQLSTUDIOArrayOftbl_Market_Status_Result.h; sourceTree = "<group>"; };
		524F22CD15AE9915006F6007 /* SQLSTUDIOArrayOftbl_Market_Status_Result.m */ = {isa = PBXFileReference; fileEncoding = 4; lastKnownFileType = sourcecode.c.objc; path = SQLSTUDIOArrayOftbl_Market_Status_Result.m; sourceTree = "<group>"; };
		524F22CE15AE9915006F6007 /* SQLSTUDIOArrayOftbl_Missing_Child_Result.h */ = {isa = PBXFileReference; fileEncoding = 4; lastKnownFileType = sourcecode.c.h; path = SQLSTUDIOArrayOftbl_Missing_Child_Result.h; sourceTree = "<group>"; };
		524F22CF15AE9915006F6007 /* SQLSTUDIOArrayOftbl_Missing_Child_Result.m */ = {isa = PBXFileReference; fileEncoding = 4; lastKnownFileType = sourcecode.c.objc; path = SQLSTUDIOArrayOftbl_Missing_Child_Result.m; sourceTree = "<group>"; };
		524F22D015AE9915006F6007 /* SQLSTUDIOArrayOftbl_Missing_Status_Result.h */ = {isa = PBXFileReference; fileEncoding = 4; lastKnownFileType = sourcecode.c.h; path = SQLSTUDIOArrayOftbl_Missing_Status_Result.h; sourceTree = "<group>"; };
		524F22D115AE9915006F6007 /* SQLSTUDIOArrayOftbl_Missing_Status_Result.m */ = {isa = PBXFileReference; fileEncoding = 4; lastKnownFileType = sourcecode.c.objc; path = SQLSTUDIOArrayOftbl_Missing_Status_Result.m; sourceTree = "<group>"; };
		524F22D215AE9915006F6007 /* SQLSTUDIOArrayOftbl_Most_Wanted_Result.h */ = {isa = PBXFileReference; fileEncoding = 4; lastKnownFileType = sourcecode.c.h; path = SQLSTUDIOArrayOftbl_Most_Wanted_Result.h; sourceTree = "<group>"; };
		524F22D315AE9915006F6007 /* SQLSTUDIOArrayOftbl_Most_Wanted_Result.m */ = {isa = PBXFileReference; fileEncoding = 4; lastKnownFileType = sourcecode.c.objc; path = SQLSTUDIOArrayOftbl_Most_Wanted_Result.m; sourceTree = "<group>"; };
		524F22D415AE9915006F6007 /* SQLSTUDIOArrayOftbl_Race_Result.h */ = {isa = PBXFileReference; fileEncoding = 4; lastKnownFileType = sourcecode.c.h; path = SQLSTUDIOArrayOftbl_Race_Result.h; sourceTree = "<group>"; };
		524F22D515AE9915006F6007 /* SQLSTUDIOArrayOftbl_Race_Result.m */ = {isa = PBXFileReference; fileEncoding = 4; lastKnownFileType = sourcecode.c.objc; path = SQLSTUDIOArrayOftbl_Race_Result.m; sourceTree = "<group>"; };
		524F22D615AE9915006F6007 /* SQLSTUDIOArrayOftbl_Sex_Result.h */ = {isa = PBXFileReference; fileEncoding = 4; lastKnownFileType = sourcecode.c.h; path = SQLSTUDIOArrayOftbl_Sex_Result.h; sourceTree = "<group>"; };
		524F22D715AE9915006F6007 /* SQLSTUDIOArrayOftbl_Sex_Result.m */ = {isa = PBXFileReference; fileEncoding = 4; lastKnownFileType = sourcecode.c.objc; path = SQLSTUDIOArrayOftbl_Sex_Result.m; sourceTree = "<group>"; };
		524F22D815AE9915006F6007 /* SQLSTUDIOArrayOftbl_User_Result.h */ = {isa = PBXFileReference; fileEncoding = 4; lastKnownFileType = sourcecode.c.h; path = SQLSTUDIOArrayOftbl_User_Result.h; sourceTree = "<group>"; };
		524F22D915AE9915006F6007 /* SQLSTUDIOArrayOftbl_User_Result.m */ = {isa = PBXFileReference; fileEncoding = 4; lastKnownFileType = sourcecode.c.objc; path = SQLSTUDIOArrayOftbl_User_Result.m; sourceTree = "<group>"; };
		524F22DA15AE9915006F6007 /* SQLSTUDIOArrayOftbl_Wanted_Status_Result.h */ = {isa = PBXFileReference; fileEncoding = 4; lastKnownFileType = sourcecode.c.h; path = SQLSTUDIOArrayOftbl_Wanted_Status_Result.h; sourceTree = "<group>"; };
		524F22DB15AE9915006F6007 /* SQLSTUDIOArrayOftbl_Wanted_Status_Result.m */ = {isa = PBXFileReference; fileEncoding = 4; lastKnownFileType = sourcecode.c.objc; path = SQLSTUDIOArrayOftbl_Wanted_Status_Result.m; sourceTree = "<group>"; };
		524F22DC15AE9915006F6007 /* SQLSTUDIOMyService.h */ = {isa = PBXFileReference; fileEncoding = 4; lastKnownFileType = sourcecode.c.h; path = SQLSTUDIOMyService.h; sourceTree = "<group>"; };
		524F22DD15AE9915006F6007 /* SQLSTUDIOMyService.m */ = {isa = PBXFileReference; fileEncoding = 4; lastKnownFileType = sourcecode.c.objc; path = SQLSTUDIOMyService.m; sourceTree = "<group>"; };
		524F22DE15AE9915006F6007 /* SQLSTUDIOServices.h */ = {isa = PBXFileReference; fileEncoding = 4; lastKnownFileType = sourcecode.c.h; path = SQLSTUDIOServices.h; sourceTree = "<group>"; };
		524F22DF15AE9915006F6007 /* SQLSTUDIOServices.m */ = {isa = PBXFileReference; fileEncoding = 4; lastKnownFileType = sourcecode.c.objc; path = SQLSTUDIOServices.m; sourceTree = "<group>"; };
		524F22E015AE9915006F6007 /* SQLSTUDIOssAudit_Result.h */ = {isa = PBXFileReference; fileEncoding = 4; lastKnownFileType = sourcecode.c.h; path = SQLSTUDIOssAudit_Result.h; sourceTree = "<group>"; };
		524F22E115AE9915006F6007 /* SQLSTUDIOssAudit_Result.m */ = {isa = PBXFileReference; fileEncoding = 4; lastKnownFileType = sourcecode.c.objc; path = SQLSTUDIOssAudit_Result.m; sourceTree = "<group>"; };
		524F22E215AE9915006F6007 /* SQLSTUDIOtbl_Ad_Status_Result.h */ = {isa = PBXFileReference; fileEncoding = 4; lastKnownFileType = sourcecode.c.h; path = SQLSTUDIOtbl_Ad_Status_Result.h; sourceTree = "<group>"; };
		524F22E315AE9915006F6007 /* SQLSTUDIOtbl_Ad_Status_Result.m */ = {isa = PBXFileReference; fileEncoding = 4; lastKnownFileType = sourcecode.c.objc; path = SQLSTUDIOtbl_Ad_Status_Result.m; sourceTree = "<group>"; };
		524F22E415AE9915006F6007 /* SQLSTUDIOtbl_Ads_Result.h */ = {isa = PBXFileReference; fileEncoding = 4; lastKnownFileType = sourcecode.c.h; path = SQLSTUDIOtbl_Ads_Result.h; sourceTree = "<group>"; };
		524F22E515AE9915006F6007 /* SQLSTUDIOtbl_Ads_Result.m */ = {isa = PBXFileReference; fileEncoding = 4; lastKnownFileType = sourcecode.c.objc; path = SQLSTUDIOtbl_Ads_Result.m; sourceTree = "<group>"; };
		524F22E615AE9915006F6007 /* SQLSTUDIOtbl_Booking_Result.h */ = {isa = PBXFileReference; fileEncoding = 4; lastKnownFileType = sourcecode.c.h; path = SQLSTUDIOtbl_Booking_Result.h; sourceTree = "<group>"; };
		524F22E715AE9915006F6007 /* SQLSTUDIOtbl_Booking_Result.m */ = {isa = PBXFileReference; fileEncoding = 4; lastKnownFileType = sourcecode.c.objc; path = SQLSTUDIOtbl_Booking_Result.m; sourceTree = "<group>"; };
		524F22E815AE9915006F6007 /* SQLSTUDIOtbl_Booking_Result_V2.h */ = {isa = PBXFileReference; fileEncoding = 4; lastKnownFileType = sourcecode.c.h; path = SQLSTUDIOtbl_Booking_Result_V2.h; sourceTree = "<group>"; };
		524F22E915AE9915006F6007 /* SQLSTUDIOtbl_Booking_Result_V2.m */ = {isa = PBXFileReference; fileEncoding = 4; lastKnownFileType = sourcecode.c.objc; path = SQLSTUDIOtbl_Booking_Result_V2.m; sourceTree = "<group>"; };
		524F22EA15AE9915006F6007 /* SQLSTUDIOtbl_Booking_Status_Result.h */ = {isa = PBXFileReference; fileEncoding = 4; lastKnownFileType = sourcecode.c.h; path = SQLSTUDIOtbl_Booking_Status_Result.h; sourceTree = "<group>"; };
		524F22EB15AE9915006F6007 /* SQLSTUDIOtbl_Booking_Status_Result.m */ = {isa = PBXFileReference; fileEncoding = 4; lastKnownFileType = sourcecode.c.objc; path = SQLSTUDIOtbl_Booking_Status_Result.m; sourceTree = "<group>"; };
		524F22EC15AE9915006F6007 /* SQLSTUDIOtbl_CMS_Tag_Result.h */ = {isa = PBXFileReference; fileEncoding = 4; lastKnownFileType = sourcecode.c.h; path = SQLSTUDIOtbl_CMS_Tag_Result.h; sourceTree = "<group>"; };
		524F22ED15AE9915006F6007 /* SQLSTUDIOtbl_CMS_Tag_Result.m */ = {isa = PBXFileReference; fileEncoding = 4; lastKnownFileType = sourcecode.c.objc; path = SQLSTUDIOtbl_CMS_Tag_Result.m; sourceTree = "<group>"; };
		524F22EE15AE9915006F6007 /* SQLSTUDIOtbl_Crime_Type_Result.h */ = {isa = PBXFileReference; fileEncoding = 4; lastKnownFileType = sourcecode.c.h; path = SQLSTUDIOtbl_Crime_Type_Result.h; sourceTree = "<group>"; };
		524F22EF15AE9915006F6007 /* SQLSTUDIOtbl_Crime_Type_Result.m */ = {isa = PBXFileReference; fileEncoding = 4; lastKnownFileType = sourcecode.c.objc; path = SQLSTUDIOtbl_Crime_Type_Result.m; sourceTree = "<group>"; };
		524F22F015AE9915006F6007 /* SQLSTUDIOtbl_Market_Result.h */ = {isa = PBXFileReference; fileEncoding = 4; lastKnownFileType = sourcecode.c.h; path = SQLSTUDIOtbl_Market_Result.h; sourceTree = "<group>"; };
		524F22F115AE9915006F6007 /* SQLSTUDIOtbl_Market_Result.m */ = {isa = PBXFileReference; fileEncoding = 4; lastKnownFileType = sourcecode.c.objc; path = SQLSTUDIOtbl_Market_Result.m; sourceTree = "<group>"; };
		524F22F215AE9915006F6007 /* SQLSTUDIOtbl_Market_Status_Result.h */ = {isa = PBXFileReference; fileEncoding = 4; lastKnownFileType = sourcecode.c.h; path = SQLSTUDIOtbl_Market_Status_Result.h; sourceTree = "<group>"; };
		524F22F315AE9915006F6007 /* SQLSTUDIOtbl_Market_Status_Result.m */ = {isa = PBXFileReference; fileEncoding = 4; lastKnownFileType = sourcecode.c.objc; path = SQLSTUDIOtbl_Market_Status_Result.m; sourceTree = "<group>"; };
		524F22F415AE9915006F6007 /* SQLSTUDIOtbl_Missing_Child_Result.h */ = {isa = PBXFileReference; fileEncoding = 4; lastKnownFileType = sourcecode.c.h; path = SQLSTUDIOtbl_Missing_Child_Result.h; sourceTree = "<group>"; };
		524F22F515AE9915006F6007 /* SQLSTUDIOtbl_Missing_Child_Result.m */ = {isa = PBXFileReference; fileEncoding = 4; lastKnownFileType = sourcecode.c.objc; path = SQLSTUDIOtbl_Missing_Child_Result.m; sourceTree = "<group>"; };
		524F22F615AE9915006F6007 /* SQLSTUDIOtbl_Missing_Status_Result.h */ = {isa = PBXFileReference; fileEncoding = 4; lastKnownFileType = sourcecode.c.h; path = SQLSTUDIOtbl_Missing_Status_Result.h; sourceTree = "<group>"; };
		524F22F715AE9915006F6007 /* SQLSTUDIOtbl_Missing_Status_Result.m */ = {isa = PBXFileReference; fileEncoding = 4; lastKnownFileType = sourcecode.c.objc; path = SQLSTUDIOtbl_Missing_Status_Result.m; sourceTree = "<group>"; };
		524F22F815AE9915006F6007 /* SQLSTUDIOtbl_Most_Wanted_Result.h */ = {isa = PBXFileReference; fileEncoding = 4; lastKnownFileType = sourcecode.c.h; path = SQLSTUDIOtbl_Most_Wanted_Result.h; sourceTree = "<group>"; };
		524F22F915AE9915006F6007 /* SQLSTUDIOtbl_Most_Wanted_Result.m */ = {isa = PBXFileReference; fileEncoding = 4; lastKnownFileType = sourcecode.c.objc; path = SQLSTUDIOtbl_Most_Wanted_Result.m; sourceTree = "<group>"; };
		524F22FA15AE9915006F6007 /* SQLSTUDIOtbl_Race_Result.h */ = {isa = PBXFileReference; fileEncoding = 4; lastKnownFileType = sourcecode.c.h; path = SQLSTUDIOtbl_Race_Result.h; sourceTree = "<group>"; };
		524F22FB15AE9915006F6007 /* SQLSTUDIOtbl_Race_Result.m */ = {isa = PBXFileReference; fileEncoding = 4; lastKnownFileType = sourcecode.c.objc; path = SQLSTUDIOtbl_Race_Result.m; sourceTree = "<group>"; };
		524F22FC15AE9915006F6007 /* SQLSTUDIOtbl_Sex_Result.h */ = {isa = PBXFileReference; fileEncoding = 4; lastKnownFileType = sourcecode.c.h; path = SQLSTUDIOtbl_Sex_Result.h; sourceTree = "<group>"; };
		524F22FD15AE9915006F6007 /* SQLSTUDIOtbl_Sex_Result.m */ = {isa = PBXFileReference; fileEncoding = 4; lastKnownFileType = sourcecode.c.objc; path = SQLSTUDIOtbl_Sex_Result.m; sourceTree = "<group>"; };
		524F22FE15AE9915006F6007 /* SQLSTUDIOtbl_User_Result.h */ = {isa = PBXFileReference; fileEncoding = 4; lastKnownFileType = sourcecode.c.h; path = SQLSTUDIOtbl_User_Result.h; sourceTree = "<group>"; };
		524F22FF15AE9915006F6007 /* SQLSTUDIOtbl_User_Result.m */ = {isa = PBXFileReference; fileEncoding = 4; lastKnownFileType = sourcecode.c.objc; path = SQLSTUDIOtbl_User_Result.m; sourceTree = "<group>"; };
		524F230015AE9915006F6007 /* SQLSTUDIOtbl_Wanted_Status_Result.h */ = {isa = PBXFileReference; fileEncoding = 4; lastKnownFileType = sourcecode.c.h; path = SQLSTUDIOtbl_Wanted_Status_Result.h; sourceTree = "<group>"; };
		524F230115AE9915006F6007 /* SQLSTUDIOtbl_Wanted_Status_Result.m */ = {isa = PBXFileReference; fileEncoding = 4; lastKnownFileType = sourcecode.c.objc; path = SQLSTUDIOtbl_Wanted_Status_Result.m; sourceTree = "<group>"; };
		524F232815AEA6CF006F6007 /* cogs.png */ = {isa = PBXFileReference; lastKnownFileType = image.png; path = cogs.png; sourceTree = "<group>"; };
		527C232A15AC77CE004F0D84 /* Options_iPad.xib */ = {isa = PBXFileReference; fileEncoding = 4; lastKnownFileType = file.xib; name = Options_iPad.xib; path = FlipView/Options_iPad.xib; sourceTree = "<group>"; };
		527C232B15AC77CE004F0D84 /* Options.h */ = {isa = PBXFileReference; fileEncoding = 4; lastKnownFileType = sourcecode.c.h; name = Options.h; path = FlipView/Options.h; sourceTree = "<group>"; };
		527C232C15AC77CE004F0D84 /* Options.m */ = {isa = PBXFileReference; fileEncoding = 4; lastKnownFileType = sourcecode.c.objc; name = Options.m; path = FlipView/Options.m; sourceTree = "<group>"; };
		527C232D15AC77CE004F0D84 /* Options.xib */ = {isa = PBXFileReference; fileEncoding = 4; lastKnownFileType = file.xib; name = Options.xib; path = FlipView/Options.xib; sourceTree = "<group>"; };
		52880303159ECC1700C5D04A /* JailBookings.app */ = {isa = PBXFileReference; explicitFileType = wrapper.application; includeInIndex = 0; path = JailBookings.app; sourceTree = BUILT_PRODUCTS_DIR; };
		52880307159ECC1700C5D04A /* UIKit.framework */ = {isa = PBXFileReference; lastKnownFileType = wrapper.framework; name = UIKit.framework; path = System/Library/Frameworks/UIKit.framework; sourceTree = SDKROOT; };
		52880309159ECC1700C5D04A /* Foundation.framework */ = {isa = PBXFileReference; lastKnownFileType = wrapper.framework; name = Foundation.framework; path = System/Library/Frameworks/Foundation.framework; sourceTree = SDKROOT; };
		5288030B159ECC1700C5D04A /* CoreGraphics.framework */ = {isa = PBXFileReference; lastKnownFileType = wrapper.framework; name = CoreGraphics.framework; path = System/Library/Frameworks/CoreGraphics.framework; sourceTree = SDKROOT; };
		5288030F159ECC1700C5D04A /* JailBookings-Info.plist */ = {isa = PBXFileReference; lastKnownFileType = text.plist.xml; path = "JailBookings-Info.plist"; sourceTree = "<group>"; };
		52880311159ECC1700C5D04A /* en */ = {isa = PBXFileReference; lastKnownFileType = text.plist.strings; name = en; path = en.lproj/InfoPlist.strings; sourceTree = "<group>"; };
		52880313159ECC1700C5D04A /* main.m */ = {isa = PBXFileReference; lastKnownFileType = sourcecode.c.objc; path = main.m; sourceTree = "<group>"; };
		52880315159ECC1700C5D04A /* JailBookings-Prefix.pch */ = {isa = PBXFileReference; lastKnownFileType = sourcecode.c.h; path = "JailBookings-Prefix.pch"; sourceTree = "<group>"; };
		52880316159ECC1700C5D04A /* AppDelegate.h */ = {isa = PBXFileReference; lastKnownFileType = sourcecode.c.h; name = AppDelegate.h; path = FlipView/AppDelegate.h; sourceTree = "<group>"; };
		52880317159ECC1700C5D04A /* AppDelegate.m */ = {isa = PBXFileReference; lastKnownFileType = sourcecode.c.objc; name = AppDelegate.m; path = FlipView/AppDelegate.m; sourceTree = "<group>"; };
		52880319159ECC1700C5D04A /* ViewController.h */ = {isa = PBXFileReference; lastKnownFileType = sourcecode.c.h; path = ViewController.h; sourceTree = "<group>"; };
		5288031A159ECC1700C5D04A /* ViewController.m */ = {isa = PBXFileReference; lastKnownFileType = sourcecode.c.objc; path = ViewController.m; sourceTree = "<group>"; };
		5288031D159ECC1700C5D04A /* en */ = {isa = PBXFileReference; lastKnownFileType = file.xib; name = en; path = en.lproj/ViewController_iPhone.xib; sourceTree = "<group>"; };
		52880320159ECC1700C5D04A /* en */ = {isa = PBXFileReference; lastKnownFileType = file.xib; name = en; path = en.lproj/ViewController_iPad.xib; sourceTree = "<group>"; };
		52880338159ED20000C5D04A /* QuartzCore.framework */ = {isa = PBXFileReference; lastKnownFileType = wrapper.framework; name = QuartzCore.framework; path = System/Library/Frameworks/QuartzCore.framework; sourceTree = SDKROOT; };
		5289012C15A3E2840059098B /* Arrowup.png */ = {isa = PBXFileReference; lastKnownFileType = image.png; path = Arrowup.png; sourceTree = "<group>"; };
		52964BB315A6A3180022BD26 /* goldstar.png */ = {isa = PBXFileReference; lastKnownFileType = image.png; path = goldstar.png; sourceTree = "<group>"; };
		52964C2C15A7E4760022BD26 /* slate320.png */ = {isa = PBXFileReference; lastKnownFileType = image.png; path = slate320.png; sourceTree = "<group>"; };
		52964C2D15A7E4760022BD26 /* slate768.png */ = {isa = PBXFileReference; lastKnownFileType = image.png; path = slate768.png; sourceTree = "<group>"; };
		52964C3015A7E6520022BD26 /* penrose.png */ = {isa = PBXFileReference; lastKnownFileType = image.png; path = penrose.png; sourceTree = "<group>"; };
		52964C3215A7F46A0022BD26 /* anibar.gif */ = {isa = PBXFileReference; lastKnownFileType = image.gif; path = anibar.gif; sourceTree = "<group>"; };
		52964C4015A86A100022BD26 /* facebook-ios-sdk.xcodeproj */ = {isa = PBXFileReference; lastKnownFileType = "wrapper.pb-project"; path = "facebook-ios-sdk.xcodeproj"; sourceTree = "<group>"; };
		52964C4315A86A100022BD26 /* Facebook.h */ = {isa = PBXFileReference; fileEncoding = 4; lastKnownFileType = sourcecode.c.h; path = Facebook.h; sourceTree = "<group>"; };
		52964C4415A86A100022BD26 /* Facebook.m */ = {isa = PBXFileReference; fileEncoding = 4; lastKnownFileType = sourcecode.c.objc; path = Facebook.m; sourceTree = "<group>"; };
		52964C4515A86A100022BD26 /* facebook_ios_sdk_Prefix.pch */ = {isa = PBXFileReference; fileEncoding = 4; lastKnownFileType = sourcecode.c.h; path = facebook_ios_sdk_Prefix.pch; sourceTree = "<group>"; };
		52964C4615A86A100022BD26 /* FBConnect.h */ = {isa = PBXFileReference; fileEncoding = 4; lastKnownFileType = sourcecode.c.h; path = FBConnect.h; sourceTree = "<group>"; };
		52964C4715A86A100022BD26 /* FBDialog.bundle */ = {isa = PBXFileReference; lastKnownFileType = "wrapper.plug-in"; path = FBDialog.bundle; sourceTree = "<group>"; };
		52964C4815A86A100022BD26 /* FBDialog.h */ = {isa = PBXFileReference; fileEncoding = 4; lastKnownFileType = sourcecode.c.h; path = FBDialog.h; sourceTree = "<group>"; };
		52964C4915A86A100022BD26 /* FBDialog.m */ = {isa = PBXFileReference; fileEncoding = 4; lastKnownFileType = sourcecode.c.objc; path = FBDialog.m; sourceTree = "<group>"; };
		52964C4A15A86A100022BD26 /* FBFrictionlessRequestSettings.h */ = {isa = PBXFileReference; fileEncoding = 4; lastKnownFileType = sourcecode.c.h; path = FBFrictionlessRequestSettings.h; sourceTree = "<group>"; };
		52964C4B15A86A100022BD26 /* FBFrictionlessRequestSettings.m */ = {isa = PBXFileReference; fileEncoding = 4; lastKnownFileType = sourcecode.c.objc; path = FBFrictionlessRequestSettings.m; sourceTree = "<group>"; };
		52964C4C15A86A100022BD26 /* FBLoginDialog.h */ = {isa = PBXFileReference; fileEncoding = 4; lastKnownFileType = sourcecode.c.h; path = FBLoginDialog.h; sourceTree = "<group>"; };
		52964C4D15A86A100022BD26 /* FBLoginDialog.m */ = {isa = PBXFileReference; fileEncoding = 4; lastKnownFileType = sourcecode.c.objc; path = FBLoginDialog.m; sourceTree = "<group>"; };
		52964C4E15A86A100022BD26 /* FBRequest.h */ = {isa = PBXFileReference; fileEncoding = 4; lastKnownFileType = sourcecode.c.h; path = FBRequest.h; sourceTree = "<group>"; };
		52964C4F15A86A100022BD26 /* FBRequest.m */ = {isa = PBXFileReference; fileEncoding = 4; lastKnownFileType = sourcecode.c.objc; path = FBRequest.m; sourceTree = "<group>"; };
		52964C5115A86A100022BD26 /* JSON.h */ = {isa = PBXFileReference; fileEncoding = 4; lastKnownFileType = sourcecode.c.h; path = JSON.h; sourceTree = "<group>"; };
		52964C5215A86A100022BD26 /* NSObject+SBJSON.h */ = {isa = PBXFileReference; fileEncoding = 4; lastKnownFileType = sourcecode.c.h; path = "NSObject+SBJSON.h"; sourceTree = "<group>"; };
		52964C5315A86A100022BD26 /* NSObject+SBJSON.m */ = {isa = PBXFileReference; fileEncoding = 4; lastKnownFileType = sourcecode.c.objc; path = "NSObject+SBJSON.m"; sourceTree = "<group>"; };
		52964C5415A86A100022BD26 /* NSString+SBJSON.h */ = {isa = PBXFileReference; fileEncoding = 4; lastKnownFileType = sourcecode.c.h; path = "NSString+SBJSON.h"; sourceTree = "<group>"; };
		52964C5515A86A100022BD26 /* NSString+SBJSON.m */ = {isa = PBXFileReference; fileEncoding = 4; lastKnownFileType = sourcecode.c.objc; path = "NSString+SBJSON.m"; sourceTree = "<group>"; };
		52964C5615A86A100022BD26 /* SBJSON.h */ = {isa = PBXFileReference; fileEncoding = 4; lastKnownFileType = sourcecode.c.h; path = SBJSON.h; sourceTree = "<group>"; };
		52964C5715A86A100022BD26 /* SBJSON.m */ = {isa = PBXFileReference; fileEncoding = 4; lastKnownFileType = sourcecode.c.objc; path = SBJSON.m; sourceTree = "<group>"; };
		52964C5815A86A100022BD26 /* SBJsonBase.h */ = {isa = PBXFileReference; fileEncoding = 4; lastKnownFileType = sourcecode.c.h; path = SBJsonBase.h; sourceTree = "<group>"; };
		52964C5915A86A100022BD26 /* SBJsonBase.m */ = {isa = PBXFileReference; fileEncoding = 4; lastKnownFileType = sourcecode.c.objc; path = SBJsonBase.m; sourceTree = "<group>"; };
		52964C5A15A86A100022BD26 /* SBJsonParser.h */ = {isa = PBXFileReference; fileEncoding = 4; lastKnownFileType = sourcecode.c.h; path = SBJsonParser.h; sourceTree = "<group>"; };
		52964C5B15A86A100022BD26 /* SBJsonParser.m */ = {isa = PBXFileReference; fileEncoding = 4; lastKnownFileType = sourcecode.c.objc; path = SBJsonParser.m; sourceTree = "<group>"; };
		52964C5C15A86A100022BD26 /* SBJsonWriter.h */ = {isa = PBXFileReference; fileEncoding = 4; lastKnownFileType = sourcecode.c.h; path = SBJsonWriter.h; sourceTree = "<group>"; };
		52964C5D15A86A100022BD26 /* SBJsonWriter.m */ = {isa = PBXFileReference; fileEncoding = 4; lastKnownFileType = sourcecode.c.objc; path = SBJsonWriter.m; sourceTree = "<group>"; };
		52964C7015A870760022BD26 /* facebook-fan-icon-shadow.png */ = {isa = PBXFileReference; lastKnownFileType = image.png; path = "facebook-fan-icon-shadow.png"; sourceTree = "<group>"; };
		52964C7215A877370022BD26 /* Twitter.framework */ = {isa = PBXFileReference; lastKnownFileType = wrapper.framework; name = Twitter.framework; path = System/Library/Frameworks/Twitter.framework; sourceTree = SDKROOT; };
		52964C7415A877650022BD26 /* Twitter.png */ = {isa = PBXFileReference; lastKnownFileType = image.png; path = Twitter.png; sourceTree = "<group>"; };
		52964C8115AA62080022BD26 /* Main_Window.xib */ = {isa = PBXFileReference; fileEncoding = 4; lastKnownFileType = file.xib; path = Main_Window.xib; sourceTree = "<group>"; };
		52964C8B15AA66250022BD26 /* MapKit.framework */ = {isa = PBXFileReference; lastKnownFileType = wrapper.framework; name = MapKit.framework; path = System/Library/Frameworks/MapKit.framework; sourceTree = SDKROOT; };
		52964C8D15AA67040022BD26 /* CoreLocation.framework */ = {isa = PBXFileReference; lastKnownFileType = wrapper.framework; name = CoreLocation.framework; path = System/Library/Frameworks/CoreLocation.framework; sourceTree = SDKROOT; };
		52964C8F15AA686C0022BD26 /* Accounts.framework */ = {isa = PBXFileReference; lastKnownFileType = wrapper.framework; name = Accounts.framework; path = System/Library/Frameworks/Accounts.framework; sourceTree = SDKROOT; };
		52964C9515AA69690022BD26 /* MapView_iPad.xib */ = {isa = PBXFileReference; fileEncoding = 4; lastKnownFileType = file.xib; name = MapView_iPad.xib; path = FlipView/MapView_iPad.xib; sourceTree = "<group>"; };
		52964C9615AA69690022BD26 /* MapView.h */ = {isa = PBXFileReference; fileEncoding = 4; lastKnownFileType = sourcecode.c.h; name = MapView.h; path = FlipView/MapView.h; sourceTree = "<group>"; };
		52964C9715AA69690022BD26 /* MapView.m */ = {isa = PBXFileReference; fileEncoding = 4; lastKnownFileType = sourcecode.c.objc; name = MapView.m; path = FlipView/MapView.m; sourceTree = "<group>"; };
		52964C9815AA69690022BD26 /* MapView.xib */ = {isa = PBXFileReference; fileEncoding = 4; lastKnownFileType = file.xib; name = MapView.xib; path = FlipView/MapView.xib; sourceTree = "<group>"; };
		52964C9C15AA69FE0022BD26 /* MyAnnotation.h */ = {isa = PBXFileReference; fileEncoding = 4; lastKnownFileType = sourcecode.c.h; name = MyAnnotation.h; path = FlipView/MyAnnotation.h; sourceTree = "<group>"; };
		52964C9D15AA69FE0022BD26 /* MyAnnotation.m */ = {isa = PBXFileReference; fileEncoding = 4; lastKnownFileType = sourcecode.c.objc; name = MyAnnotation.m; path = FlipView/MyAnnotation.m; sourceTree = "<group>"; };
/* End PBXFileReference section */

/* Begin PBXFrameworksBuildPhase section */
		52880300159ECC1700C5D04A /* Frameworks */ = {
			isa = PBXFrameworksBuildPhase;
			buildActionMask = 2147483647;
			files = (
				52964C9015AA686C0022BD26 /* Accounts.framework in Frameworks */,
				52964C8E15AA67040022BD26 /* CoreLocation.framework in Frameworks */,
				52964C8C15AA66260022BD26 /* MapKit.framework in Frameworks */,
				52964C7315A877370022BD26 /* Twitter.framework in Frameworks */,
				520C1784159F2CA300A4B4A8 /* SystemConfiguration.framework in Frameworks */,
				52880339159ED20000C5D04A /* QuartzCore.framework in Frameworks */,
				52880308159ECC1700C5D04A /* UIKit.framework in Frameworks */,
				5288030A159ECC1700C5D04A /* Foundation.framework in Frameworks */,
				5288030C159ECC1700C5D04A /* CoreGraphics.framework in Frameworks */,
			);
			runOnlyForDeploymentPostprocessing = 0;
		};
/* End PBXFrameworksBuildPhase section */

/* Begin PBXGroup section */
		520B2A2715A1DE570034DCF9 /* BackSide */ = {
			isa = PBXGroup;
			children = (
				520B2A2915A1DE720034DCF9 /* BackSideView.h */,
				520B2A2A15A1DE720034DCF9 /* BackSideView.m */,
				520B2A3215A1F08B0034DCF9 /* BackSideView.xib */,
				520B2A3E15A2087C0034DCF9 /* BackSideView_iPad.xib */,
			);
			name = BackSide;
			sourceTree = "<group>";
		};
		520C16DD159F2C9000A4B4A8 /* Source */ = {
			isa = PBXGroup;
			children = (
				524F22B515AE9915006F6007 /* Generated */,
				520C1723159F2C9000A4B4A8 /* Soap */,
				520C173F159F2C9000A4B4A8 /* TouchXML */,
			);
			path = Source;
			sourceTree = "<group>";
		};
		520C1723159F2C9000A4B4A8 /* Soap */ = {
			isa = PBXGroup;
			children = (
				520C1724159F2C9000A4B4A8 /* NSData+Base64.h */,
				520C1725159F2C9000A4B4A8 /* NSData+Base64.m */,
				520C1726159F2C9000A4B4A8 /* NSMutableArray+Soap.h */,
				520C1727159F2C9000A4B4A8 /* NSMutableArray+Soap.m */,
				520C1728159F2C9000A4B4A8 /* Soap.h */,
				520C1729159F2C9000A4B4A8 /* Soap.m */,
				520C172A159F2C9000A4B4A8 /* SoapArray.h */,
				520C172B159F2C9000A4B4A8 /* SoapArray.m */,
				520C172C159F2C9000A4B4A8 /* SoapDelegate.h */,
				520C172D159F2C9000A4B4A8 /* SoapFault.h */,
				520C172E159F2C9000A4B4A8 /* SoapFault.m */,
				520C172F159F2C9000A4B4A8 /* SoapHandler.h */,
				520C1730159F2C9000A4B4A8 /* SoapHandler.m */,
				520C1731159F2C9000A4B4A8 /* SoapLiteral.h */,
				520C1732159F2C9000A4B4A8 /* SoapLiteral.m */,
				520C1733159F2C9000A4B4A8 /* SoapNil.h */,
				520C1734159F2C9000A4B4A8 /* SoapNil.m */,
				520C1735159F2C9000A4B4A8 /* SoapObject.h */,
				520C1736159F2C9000A4B4A8 /* SoapObject.m */,
				520C1737159F2C9000A4B4A8 /* SoapParameter.h */,
				520C1738159F2C9000A4B4A8 /* SoapParameter.m */,
				520C1739159F2C9000A4B4A8 /* SoapReachability.h */,
				520C173A159F2C9000A4B4A8 /* SoapReachability.m */,
				520C173B159F2C9000A4B4A8 /* SoapRequest.h */,
				520C173C159F2C9000A4B4A8 /* SoapRequest.m */,
				520C173D159F2C9000A4B4A8 /* SoapService.h */,
				520C173E159F2C9000A4B4A8 /* SoapService.m */,
			);
			path = Soap;
			sourceTree = "<group>";
		};
		520C173F159F2C9000A4B4A8 /* TouchXML */ = {
			isa = PBXGroup;
			children = (
				520C1740159F2C9000A4B4A8 /* CXMLDocument.h */,
				520C1741159F2C9000A4B4A8 /* CXMLDocument.m */,
				520C1742159F2C9000A4B4A8 /* CXMLDocument_PrivateExtensions.h */,
				520C1743159F2C9000A4B4A8 /* CXMLDocument_PrivateExtensions.m */,
				520C1744159F2C9000A4B4A8 /* CXMLElement.h */,
				520C1745159F2C9000A4B4A8 /* CXMLElement.m */,
				520C1746159F2C9000A4B4A8 /* CXMLNode.h */,
				520C1747159F2C9000A4B4A8 /* CXMLNode.m */,
				520C1748159F2C9000A4B4A8 /* CXMLNode_PrivateExtensions.h */,
				520C1749159F2C9000A4B4A8 /* CXMLNode_PrivateExtensions.m */,
				520C174A159F2C9000A4B4A8 /* CXMLNode_XPathExtensions.h */,
				520C174B159F2C9000A4B4A8 /* CXMLNode_XPathExtensions.m */,
				520C174C159F2C9000A4B4A8 /* TouchXML.h */,
			);
			path = TouchXML;
			sourceTree = "<group>";
		};
		520C1785159F3A4E00A4B4A8 /* AsyncImage */ = {
			isa = PBXGroup;
			children = (
				520C1786159F3A7900A4B4A8 /* AsyncImageView.h */,
				520C1787159F3A7900A4B4A8 /* AsyncImageView.m */,
			);
			name = AsyncImage;
			sourceTree = "<group>";
		};
		524F22B315AE9283006F6007 /* NavController */ = {
			isa = PBXGroup;
			children = (
				524F22B015AE9230006F6007 /* MyNavController.h */,
				524F22B115AE9230006F6007 /* MyNavController.m */,
			);
			name = NavController;
			sourceTree = "<group>";
		};
		524F22B415AE92B8006F6007 /* Delegate */ = {
			isa = PBXGroup;
			children = (
				52880316159ECC1700C5D04A /* AppDelegate.h */,
				52880317159ECC1700C5D04A /* AppDelegate.m */,
			);
			name = Delegate;
			sourceTree = "<group>";
		};
		524F22B515AE9915006F6007 /* Generated */ = {
			isa = PBXGroup;
			children = (
				524F22B615AE9915006F6007 /* Soap+Prefix.h */,
				524F22B715AE9915006F6007 /* Soap+Prefix.m */,
				524F22B815AE9915006F6007 /* SQLSTUDIOAdCycle_Result.h */,
				524F22B915AE9915006F6007 /* SQLSTUDIOAdCycle_Result.m */,
				524F22BA15AE9915006F6007 /* SQLSTUDIOArrayOfssAudit_Result.h */,
				524F22BB15AE9915006F6007 /* SQLSTUDIOArrayOfssAudit_Result.m */,
				524F22BC15AE9915006F6007 /* SQLSTUDIOArrayOftbl_Ad_Status_Result.h */,
				524F22BD15AE9915006F6007 /* SQLSTUDIOArrayOftbl_Ad_Status_Result.m */,
				524F22BE15AE9915006F6007 /* SQLSTUDIOArrayOftbl_Ads_Result.h */,
				524F22BF15AE9915006F6007 /* SQLSTUDIOArrayOftbl_Ads_Result.m */,
				524F22C015AE9915006F6007 /* SQLSTUDIOArrayOftbl_Booking_Result.h */,
				524F22C115AE9915006F6007 /* SQLSTUDIOArrayOftbl_Booking_Result.m */,
				524F22C215AE9915006F6007 /* SQLSTUDIOArrayOftbl_Booking_Result_V2.h */,
				524F22C315AE9915006F6007 /* SQLSTUDIOArrayOftbl_Booking_Result_V2.m */,
				524F22C415AE9915006F6007 /* SQLSTUDIOArrayOftbl_Booking_Status_Result.h */,
				524F22C515AE9915006F6007 /* SQLSTUDIOArrayOftbl_Booking_Status_Result.m */,
				524F22C615AE9915006F6007 /* SQLSTUDIOArrayOftbl_CMS_Tag_Result.h */,
				524F22C715AE9915006F6007 /* SQLSTUDIOArrayOftbl_CMS_Tag_Result.m */,
				524F22C815AE9915006F6007 /* SQLSTUDIOArrayOftbl_Crime_Type_Result.h */,
				524F22C915AE9915006F6007 /* SQLSTUDIOArrayOftbl_Crime_Type_Result.m */,
				524F22CA15AE9915006F6007 /* SQLSTUDIOArrayOftbl_Market_Result.h */,
				524F22CB15AE9915006F6007 /* SQLSTUDIOArrayOftbl_Market_Result.m */,
				524F22CC15AE9915006F6007 /* SQLSTUDIOArrayOftbl_Market_Status_Result.h */,
				524F22CD15AE9915006F6007 /* SQLSTUDIOArrayOftbl_Market_Status_Result.m */,
				524F22CE15AE9915006F6007 /* SQLSTUDIOArrayOftbl_Missing_Child_Result.h */,
				524F22CF15AE9915006F6007 /* SQLSTUDIOArrayOftbl_Missing_Child_Result.m */,
				524F22D015AE9915006F6007 /* SQLSTUDIOArrayOftbl_Missing_Status_Result.h */,
				524F22D115AE9915006F6007 /* SQLSTUDIOArrayOftbl_Missing_Status_Result.m */,
				524F22D215AE9915006F6007 /* SQLSTUDIOArrayOftbl_Most_Wanted_Result.h */,
				524F22D315AE9915006F6007 /* SQLSTUDIOArrayOftbl_Most_Wanted_Result.m */,
				524F22D415AE9915006F6007 /* SQLSTUDIOArrayOftbl_Race_Result.h */,
				524F22D515AE9915006F6007 /* SQLSTUDIOArrayOftbl_Race_Result.m */,
				524F22D615AE9915006F6007 /* SQLSTUDIOArrayOftbl_Sex_Result.h */,
				524F22D715AE9915006F6007 /* SQLSTUDIOArrayOftbl_Sex_Result.m */,
				524F22D815AE9915006F6007 /* SQLSTUDIOArrayOftbl_User_Result.h */,
				524F22D915AE9915006F6007 /* SQLSTUDIOArrayOftbl_User_Result.m */,
				524F22DA15AE9915006F6007 /* SQLSTUDIOArrayOftbl_Wanted_Status_Result.h */,
				524F22DB15AE9915006F6007 /* SQLSTUDIOArrayOftbl_Wanted_Status_Result.m */,
				524F22DC15AE9915006F6007 /* SQLSTUDIOMyService.h */,
				524F22DD15AE9915006F6007 /* SQLSTUDIOMyService.m */,
				524F22DE15AE9915006F6007 /* SQLSTUDIOServices.h */,
				524F22DF15AE9915006F6007 /* SQLSTUDIOServices.m */,
				524F22E015AE9915006F6007 /* SQLSTUDIOssAudit_Result.h */,
				524F22E115AE9915006F6007 /* SQLSTUDIOssAudit_Result.m */,
				524F22E215AE9915006F6007 /* SQLSTUDIOtbl_Ad_Status_Result.h */,
				524F22E315AE9915006F6007 /* SQLSTUDIOtbl_Ad_Status_Result.m */,
				524F22E415AE9915006F6007 /* SQLSTUDIOtbl_Ads_Result.h */,
				524F22E515AE9915006F6007 /* SQLSTUDIOtbl_Ads_Result.m */,
				524F22E615AE9915006F6007 /* SQLSTUDIOtbl_Booking_Result.h */,
				524F22E715AE9915006F6007 /* SQLSTUDIOtbl_Booking_Result.m */,
				524F22E815AE9915006F6007 /* SQLSTUDIOtbl_Booking_Result_V2.h */,
				524F22E915AE9915006F6007 /* SQLSTUDIOtbl_Booking_Result_V2.m */,
				524F22EA15AE9915006F6007 /* SQLSTUDIOtbl_Booking_Status_Result.h */,
				524F22EB15AE9915006F6007 /* SQLSTUDIOtbl_Booking_Status_Result.m */,
				524F22EC15AE9915006F6007 /* SQLSTUDIOtbl_CMS_Tag_Result.h */,
				524F22ED15AE9915006F6007 /* SQLSTUDIOtbl_CMS_Tag_Result.m */,
				524F22EE15AE9915006F6007 /* SQLSTUDIOtbl_Crime_Type_Result.h */,
				524F22EF15AE9915006F6007 /* SQLSTUDIOtbl_Crime_Type_Result.m */,
				524F22F015AE9915006F6007 /* SQLSTUDIOtbl_Market_Result.h */,
				524F22F115AE9915006F6007 /* SQLSTUDIOtbl_Market_Result.m */,
				524F22F215AE9915006F6007 /* SQLSTUDIOtbl_Market_Status_Result.h */,
				524F22F315AE9915006F6007 /* SQLSTUDIOtbl_Market_Status_Result.m */,
				524F22F415AE9915006F6007 /* SQLSTUDIOtbl_Missing_Child_Result.h */,
				524F22F515AE9915006F6007 /* SQLSTUDIOtbl_Missing_Child_Result.m */,
				524F22F615AE9915006F6007 /* SQLSTUDIOtbl_Missing_Status_Result.h */,
				524F22F715AE9915006F6007 /* SQLSTUDIOtbl_Missing_Status_Result.m */,
				524F22F815AE9915006F6007 /* SQLSTUDIOtbl_Most_Wanted_Result.h */,
				524F22F915AE9915006F6007 /* SQLSTUDIOtbl_Most_Wanted_Result.m */,
				524F22FA15AE9915006F6007 /* SQLSTUDIOtbl_Race_Result.h */,
				524F22FB15AE9915006F6007 /* SQLSTUDIOtbl_Race_Result.m */,
				524F22FC15AE9915006F6007 /* SQLSTUDIOtbl_Sex_Result.h */,
				524F22FD15AE9915006F6007 /* SQLSTUDIOtbl_Sex_Result.m */,
				524F22FE15AE9915006F6007 /* SQLSTUDIOtbl_User_Result.h */,
				524F22FF15AE9915006F6007 /* SQLSTUDIOtbl_User_Result.m */,
				524F230015AE9915006F6007 /* SQLSTUDIOtbl_Wanted_Status_Result.h */,
				524F230115AE9915006F6007 /* SQLSTUDIOtbl_Wanted_Status_Result.m */,
			);
			path = Generated;
			sourceTree = "<group>";
		};
		528802F8159ECC1600C5D04A = {
			isa = PBXGroup;
			children = (
				524F22B415AE92B8006F6007 /* Delegate */,
				524F22B315AE9283006F6007 /* NavController */,
				528D280D15AE55B0001B9957 /* MapOptions */,
				527C232A15AC77CE004F0D84 /* Options_iPad.xib */,
				527C232B15AC77CE004F0D84 /* Options.h */,
				527C232C15AC77CE004F0D84 /* Options.m */,
				527C232D15AC77CE004F0D84 /* Options.xib */,
				52964C9515AA69690022BD26 /* MapView_iPad.xib */,
				52964C9615AA69690022BD26 /* MapView.h */,
				52964C9715AA69690022BD26 /* MapView.m */,
				52964C9815AA69690022BD26 /* MapView.xib */,
				52964C8815AA65A40022BD26 /* MyAnnotations */,
				52964C8015AA61F00022BD26 /* TabController */,
				52964C3E15A86A000022BD26 /* FacebookSDK */,
				520B2A2715A1DE570034DCF9 /* BackSide */,
				520C1785159F3A4E00A4B4A8 /* AsyncImage */,
				520C16DD159F2C9000A4B4A8 /* Source */,
				5288032B159ED01300C5D04A /* Resources */,
				5288030D159ECC1700C5D04A /* FlipView */,
				52880306159ECC1700C5D04A /* Frameworks */,
				52880304159ECC1700C5D04A /* Products */,
			);
			sourceTree = "<group>";
		};
		52880304159ECC1700C5D04A /* Products */ = {
			isa = PBXGroup;
			children = (
				52880303159ECC1700C5D04A /* JailBookings.app */,
			);
			name = Products;
			sourceTree = "<group>";
		};
		52880306159ECC1700C5D04A /* Frameworks */ = {
			isa = PBXGroup;
			children = (
				52964C8F15AA686C0022BD26 /* Accounts.framework */,
				52964C8D15AA67040022BD26 /* CoreLocation.framework */,
				52964C8B15AA66250022BD26 /* MapKit.framework */,
				52964C7215A877370022BD26 /* Twitter.framework */,
				520C1783159F2CA300A4B4A8 /* SystemConfiguration.framework */,
				52880338159ED20000C5D04A /* QuartzCore.framework */,
				52880307159ECC1700C5D04A /* UIKit.framework */,
				52880309159ECC1700C5D04A /* Foundation.framework */,
				5288030B159ECC1700C5D04A /* CoreGraphics.framework */,
			);
			name = Frameworks;
			sourceTree = "<group>";
		};
		5288030D159ECC1700C5D04A /* FlipView */ = {
			isa = PBXGroup;
			children = (
				52880319159ECC1700C5D04A /* ViewController.h */,
				5288031A159ECC1700C5D04A /* ViewController.m */,
				5288031C159ECC1700C5D04A /* ViewController_iPhone.xib */,
				5288031F159ECC1700C5D04A /* ViewController_iPad.xib */,
				5288030E159ECC1700C5D04A /* Supporting Files */,
			);
			path = FlipView;
			sourceTree = "<group>";
		};
		5288030E159ECC1700C5D04A /* Supporting Files */ = {
			isa = PBXGroup;
			children = (
				5288030F159ECC1700C5D04A /* JailBookings-Info.plist */,
				52880310159ECC1700C5D04A /* InfoPlist.strings */,
				52880313159ECC1700C5D04A /* main.m */,
				52880315159ECC1700C5D04A /* JailBookings-Prefix.pch */,
			);
			name = "Supporting Files";
			sourceTree = "<group>";
		};
		5288032B159ED01300C5D04A /* Resources */ = {
			isa = PBXGroup;
			children = (
				524F232815AEA6CF006F6007 /* cogs.png */,
				52964C7415A877650022BD26 /* Twitter.png */,
				52964C7015A870760022BD26 /* facebook-fan-icon-shadow.png */,
				52964C3215A7F46A0022BD26 /* anibar.gif */,
				52964C3015A7E6520022BD26 /* penrose.png */,
				52964C2C15A7E4760022BD26 /* slate320.png */,
				52964C2D15A7E4760022BD26 /* slate768.png */,
				52964BB315A6A3180022BD26 /* goldstar.png */,
				5289012C15A3E2840059098B /* Arrowup.png */,
				520B2A3015A1E98A0034DCF9 /* linen.png */,
				520B2A2E15A1E0810034DCF9 /* image-1-1024x960.jpg */,
			);
			name = Resources;
			sourceTree = "<group>";
		};
		528D280D15AE55B0001B9957 /* MapOptions */ = {
			isa = PBXGroup;
			children = (
				524F22A915AE90CD006F6007 /* MapOptions.h */,
				524F22AA15AE90CD006F6007 /* MapOptions.m */,
				524F22AB15AE90CD006F6007 /* MapOptions.xib */,
			);
			name = MapOptions;
			sourceTree = "<group>";
		};
		52964C3E15A86A000022BD26 /* FacebookSDK */ = {
			isa = PBXGroup;
			children = (
				52964C3F15A86A100022BD26 /* src */,
			);
			name = FacebookSDK;
			sourceTree = "<group>";
		};
		52964C3F15A86A100022BD26 /* src */ = {
			isa = PBXGroup;
			children = (
				52964C4015A86A100022BD26 /* facebook-ios-sdk.xcodeproj */,
				52964C4315A86A100022BD26 /* Facebook.h */,
				52964C4415A86A100022BD26 /* Facebook.m */,
				52964C4515A86A100022BD26 /* facebook_ios_sdk_Prefix.pch */,
				52964C4615A86A100022BD26 /* FBConnect.h */,
				52964C4715A86A100022BD26 /* FBDialog.bundle */,
				52964C4815A86A100022BD26 /* FBDialog.h */,
				52964C4915A86A100022BD26 /* FBDialog.m */,
				52964C4A15A86A100022BD26 /* FBFrictionlessRequestSettings.h */,
				52964C4B15A86A100022BD26 /* FBFrictionlessRequestSettings.m */,
				52964C4C15A86A100022BD26 /* FBLoginDialog.h */,
				52964C4D15A86A100022BD26 /* FBLoginDialog.m */,
				52964C4E15A86A100022BD26 /* FBRequest.h */,
				52964C4F15A86A100022BD26 /* FBRequest.m */,
				52964C5015A86A100022BD26 /* JSON */,
			);
			path = src;
			sourceTree = "<group>";
		};
		52964C4115A86A100022BD26 /* Products */ = {
			isa = PBXGroup;
			children = (
				52964C6F15A86A110022BD26 /* libfacebook_ios_sdk.a */,
			);
			name = Products;
			sourceTree = "<group>";
		};
		52964C5015A86A100022BD26 /* JSON */ = {
			isa = PBXGroup;
			children = (
				52964C5115A86A100022BD26 /* JSON.h */,
				52964C5215A86A100022BD26 /* NSObject+SBJSON.h */,
				52964C5315A86A100022BD26 /* NSObject+SBJSON.m */,
				52964C5415A86A100022BD26 /* NSString+SBJSON.h */,
				52964C5515A86A100022BD26 /* NSString+SBJSON.m */,
				52964C5615A86A100022BD26 /* SBJSON.h */,
				52964C5715A86A100022BD26 /* SBJSON.m */,
				52964C5815A86A100022BD26 /* SBJsonBase.h */,
				52964C5915A86A100022BD26 /* SBJsonBase.m */,
				52964C5A15A86A100022BD26 /* SBJsonParser.h */,
				52964C5B15A86A100022BD26 /* SBJsonParser.m */,
				52964C5C15A86A100022BD26 /* SBJsonWriter.h */,
				52964C5D15A86A100022BD26 /* SBJsonWriter.m */,
			);
			path = JSON;
			sourceTree = "<group>";
		};
		52964C8015AA61F00022BD26 /* TabController */ = {
			isa = PBXGroup;
			children = (
				52964C8115AA62080022BD26 /* Main_Window.xib */,
			);
			name = TabController;
			sourceTree = "<group>";
		};
		52964C8815AA65A40022BD26 /* MyAnnotations */ = {
			isa = PBXGroup;
			children = (
				52964C9C15AA69FE0022BD26 /* MyAnnotation.h */,
				52964C9D15AA69FE0022BD26 /* MyAnnotation.m */,
			);
			name = MyAnnotations;
			sourceTree = "<group>";
		};
/* End PBXGroup section */

/* Begin PBXNativeTarget section */
		52880302159ECC1700C5D04A /* JailBookings */ = {
			isa = PBXNativeTarget;
			buildConfigurationList = 52880324159ECC1700C5D04A /* Build configuration list for PBXNativeTarget "JailBookings" */;
			buildPhases = (
				528802FF159ECC1700C5D04A /* Sources */,
				52880300159ECC1700C5D04A /* Frameworks */,
				52880301159ECC1700C5D04A /* Resources */,
			);
			buildRules = (
			);
			dependencies = (
			);
			name = JailBookings;
			productName = FlipView;
			productReference = 52880303159ECC1700C5D04A /* JailBookings.app */;
			productType = "com.apple.product-type.application";
		};
/* End PBXNativeTarget section */

/* Begin PBXProject section */
		528802FA159ECC1600C5D04A /* Project object */ = {
			isa = PBXProject;
			attributes = {
				LastUpgradeCheck = 0430;
				ORGANIZATIONNAME = "Rossitter Consulting L.L.C.";
			};
			buildConfigurationList = 528802FD159ECC1600C5D04A /* Build configuration list for PBXProject "JailBookings" */;
			compatibilityVersion = "Xcode 3.2";
			developmentRegion = English;
			hasScannedForEncodings = 0;
			knownRegions = (
				en,
			);
			mainGroup = 528802F8159ECC1600C5D04A;
			productRefGroup = 52880304159ECC1700C5D04A /* Products */;
			projectDirPath = "";
			projectReferences = (
				{
					ProductGroup = 52964C4115A86A100022BD26 /* Products */;
					ProjectRef = 52964C4015A86A100022BD26 /* facebook-ios-sdk.xcodeproj */;
				},
			);
			projectRoot = "";
			targets = (
				52880302159ECC1700C5D04A /* JailBookings */,
			);
		};
/* End PBXProject section */

/* Begin PBXReferenceProxy section */
		52964C6F15A86A110022BD26 /* libfacebook_ios_sdk.a */ = {
			isa = PBXReferenceProxy;
			fileType = archive.ar;
			path = libfacebook_ios_sdk.a;
			remoteRef = 52964C6E15A86A110022BD26 /* PBXContainerItemProxy */;
			sourceTree = BUILT_PRODUCTS_DIR;
		};
/* End PBXReferenceProxy section */

/* Begin PBXResourcesBuildPhase section */
		52880301159ECC1700C5D04A /* Resources */ = {
			isa = PBXResourcesBuildPhase;
			buildActionMask = 2147483647;
			files = (
				52880312159ECC1700C5D04A /* InfoPlist.strings in Resources */,
				5288031E159ECC1700C5D04A /* ViewController_iPhone.xib in Resources */,
				52880321159ECC1700C5D04A /* ViewController_iPad.xib in Resources */,
				520B2A2F15A1E0810034DCF9 /* image-1-1024x960.jpg in Resources */,
				520B2A3115A1E98A0034DCF9 /* linen.png in Resources */,
				520B2A3315A1F08B0034DCF9 /* BackSideView.xib in Resources */,
				520B2A3F15A2087C0034DCF9 /* BackSideView_iPad.xib in Resources */,
				5289012D15A3E2840059098B /* Arrowup.png in Resources */,
				52964BB415A6A3180022BD26 /* goldstar.png in Resources */,
				52964C2E15A7E4760022BD26 /* slate320.png in Resources */,
				52964C2F15A7E4760022BD26 /* slate768.png in Resources */,
				52964C3115A7E6520022BD26 /* penrose.png in Resources */,
				52964C3315A7F46A0022BD26 /* anibar.gif in Resources */,
				52964C6215A86A110022BD26 /* FBDialog.bundle in Resources */,
				52964C7115A870760022BD26 /* facebook-fan-icon-shadow.png in Resources */,
				52964C7515A877650022BD26 /* Twitter.png in Resources */,
				52964C8215AA62080022BD26 /* Main_Window.xib in Resources */,
				52964C9915AA69690022BD26 /* MapView_iPad.xib in Resources */,
				52964C9B15AA69690022BD26 /* MapView.xib in Resources */,
				527C232E15AC77CE004F0D84 /* Options_iPad.xib in Resources */,
				527C233015AC77CE004F0D84 /* Options.xib in Resources */,
				524F22AD15AE90CD006F6007 /* MapOptions.xib in Resources */,
				524F232915AEA6CF006F6007 /* cogs.png in Resources */,
			);
			runOnlyForDeploymentPostprocessing = 0;
		};
/* End PBXResourcesBuildPhase section */

/* Begin PBXSourcesBuildPhase section */
		528802FF159ECC1700C5D04A /* Sources */ = {
			isa = PBXSourcesBuildPhase;
			buildActionMask = 2147483647;
			files = (
				52880314159ECC1700C5D04A /* main.m in Sources */,
				52880318159ECC1700C5D04A /* AppDelegate.m in Sources */,
				5288031B159ECC1700C5D04A /* ViewController.m in Sources */,
				520C176F159F2C9000A4B4A8 /* NSData+Base64.m in Sources */,
				520C1770159F2C9000A4B4A8 /* NSMutableArray+Soap.m in Sources */,
				520C1771159F2C9000A4B4A8 /* Soap.m in Sources */,
				520C1772159F2C9000A4B4A8 /* SoapArray.m in Sources */,
				520C1773159F2C9000A4B4A8 /* SoapFault.m in Sources */,
				520C1774159F2C9000A4B4A8 /* SoapHandler.m in Sources */,
				520C1775159F2C9000A4B4A8 /* SoapLiteral.m in Sources */,
				520C1776159F2C9000A4B4A8 /* SoapNil.m in Sources */,
				520C1777159F2C9000A4B4A8 /* SoapObject.m in Sources */,
				520C1778159F2C9000A4B4A8 /* SoapParameter.m in Sources */,
				520C1779159F2C9000A4B4A8 /* SoapReachability.m in Sources */,
				520C177A159F2C9000A4B4A8 /* SoapRequest.m in Sources */,
				520C177B159F2C9000A4B4A8 /* SoapService.m in Sources */,
				520C177C159F2C9000A4B4A8 /* CXMLDocument.m in Sources */,
				520C177D159F2C9000A4B4A8 /* CXMLDocument_PrivateExtensions.m in Sources */,
				520C177E159F2C9000A4B4A8 /* CXMLElement.m in Sources */,
				520C177F159F2C9000A4B4A8 /* CXMLNode.m in Sources */,
				520C1780159F2C9000A4B4A8 /* CXMLNode_PrivateExtensions.m in Sources */,
				520C1781159F2C9000A4B4A8 /* CXMLNode_XPathExtensions.m in Sources */,
				520C1788159F3A7900A4B4A8 /* AsyncImageView.m in Sources */,
				520B2A2C15A1DE720034DCF9 /* BackSideView.m in Sources */,
				52964C6115A86A110022BD26 /* Facebook.m in Sources */,
				52964C6315A86A110022BD26 /* FBDialog.m in Sources */,
				52964C6415A86A110022BD26 /* FBFrictionlessRequestSettings.m in Sources */,
				52964C6515A86A110022BD26 /* FBLoginDialog.m in Sources */,
				52964C6615A86A110022BD26 /* FBRequest.m in Sources */,
				52964C6715A86A110022BD26 /* NSObject+SBJSON.m in Sources */,
				52964C6815A86A110022BD26 /* NSString+SBJSON.m in Sources */,
				52964C6915A86A110022BD26 /* SBJSON.m in Sources */,
				52964C6A15A86A110022BD26 /* SBJsonBase.m in Sources */,
				52964C6B15A86A110022BD26 /* SBJsonParser.m in Sources */,
				52964C6C15A86A110022BD26 /* SBJsonWriter.m in Sources */,
				52964C9A15AA69690022BD26 /* MapView.m in Sources */,
				52964C9E15AA69FE0022BD26 /* MyAnnotation.m in Sources */,
				527C232F15AC77CE004F0D84 /* Options.m in Sources */,
				524F22AC15AE90CD006F6007 /* MapOptions.m in Sources */,
				524F22B215AE9230006F6007 /* MyNavController.m in Sources */,
				524F230215AE9915006F6007 /* Soap+Prefix.m in Sources */,
				524F230315AE9915006F6007 /* SQLSTUDIOAdCycle_Result.m in Sources */,
				524F230415AE9915006F6007 /* SQLSTUDIOArrayOfssAudit_Result.m in Sources */,
				524F230515AE9915006F6007 /* SQLSTUDIOArrayOftbl_Ad_Status_Result.m in Sources */,
				524F230615AE9915006F6007 /* SQLSTUDIOArrayOftbl_Ads_Result.m in Sources */,
				524F230715AE9915006F6007 /* SQLSTUDIOArrayOftbl_Booking_Result.m in Sources */,
				524F230815AE9915006F6007 /* SQLSTUDIOArrayOftbl_Booking_Result_V2.m in Sources */,
				524F230915AE9915006F6007 /* SQLSTUDIOArrayOftbl_Booking_Status_Result.m in Sources */,
				524F230A15AE9915006F6007 /* SQLSTUDIOArrayOftbl_CMS_Tag_Result.m in Sources */,
				524F230B15AE9915006F6007 /* SQLSTUDIOArrayOftbl_Crime_Type_Result.m in Sources */,
				524F230C15AE9915006F6007 /* SQLSTUDIOArrayOftbl_Market_Result.m in Sources */,
				524F230D15AE9915006F6007 /* SQLSTUDIOArrayOftbl_Market_Status_Result.m in Sources */,
				524F230E15AE9915006F6007 /* SQLSTUDIOArrayOftbl_Missing_Child_Result.m in Sources */,
				524F230F15AE9915006F6007 /* SQLSTUDIOArrayOftbl_Missing_Status_Result.m in Sources */,
				524F231015AE9915006F6007 /* SQLSTUDIOArrayOftbl_Most_Wanted_Result.m in Sources */,
				524F231115AE9915006F6007 /* SQLSTUDIOArrayOftbl_Race_Result.m in Sources */,
				524F231215AE9915006F6007 /* SQLSTUDIOArrayOftbl_Sex_Result.m in Sources */,
				524F231315AE9915006F6007 /* SQLSTUDIOArrayOftbl_User_Result.m in Sources */,
				524F231415AE9915006F6007 /* SQLSTUDIOArrayOftbl_Wanted_Status_Result.m in Sources */,
				524F231515AE9915006F6007 /* SQLSTUDIOMyService.m in Sources */,
				524F231615AE9915006F6007 /* SQLSTUDIOServices.m in Sources */,
				524F231715AE9915006F6007 /* SQLSTUDIOssAudit_Result.m in Sources */,
				524F231815AE9915006F6007 /* SQLSTUDIOtbl_Ad_Status_Result.m in Sources */,
				524F231915AE9915006F6007 /* SQLSTUDIOtbl_Ads_Result.m in Sources */,
				524F231A15AE9915006F6007 /* SQLSTUDIOtbl_Booking_Result.m in Sources */,
				524F231B15AE9915006F6007 /* SQLSTUDIOtbl_Booking_Result_V2.m in Sources */,
				524F231C15AE9915006F6007 /* SQLSTUDIOtbl_Booking_Status_Result.m in Sources */,
				524F231D15AE9915006F6007 /* SQLSTUDIOtbl_CMS_Tag_Result.m in Sources */,
				524F231E15AE9915006F6007 /* SQLSTUDIOtbl_Crime_Type_Result.m in Sources */,
				524F231F15AE9915006F6007 /* SQLSTUDIOtbl_Market_Result.m in Sources */,
				524F232015AE9915006F6007 /* SQLSTUDIOtbl_Market_Status_Result.m in Sources */,
				524F232115AE9915006F6007 /* SQLSTUDIOtbl_Missing_Child_Result.m in Sources */,
				524F232215AE9915006F6007 /* SQLSTUDIOtbl_Missing_Status_Result.m in Sources */,
				524F232315AE9915006F6007 /* SQLSTUDIOtbl_Most_Wanted_Result.m in Sources */,
				524F232415AE9915006F6007 /* SQLSTUDIOtbl_Race_Result.m in Sources */,
				524F232515AE9915006F6007 /* SQLSTUDIOtbl_Sex_Result.m in Sources */,
				524F232615AE9915006F6007 /* SQLSTUDIOtbl_User_Result.m in Sources */,
				524F232715AE9915006F6007 /* SQLSTUDIOtbl_Wanted_Status_Result.m in Sources */,
			);
			runOnlyForDeploymentPostprocessing = 0;
		};
/* End PBXSourcesBuildPhase section */

/* Begin PBXVariantGroup section */
		52880310159ECC1700C5D04A /* InfoPlist.strings */ = {
			isa = PBXVariantGroup;
			children = (
				52880311159ECC1700C5D04A /* en */,
			);
			name = InfoPlist.strings;
			sourceTree = "<group>";
		};
		5288031C159ECC1700C5D04A /* ViewController_iPhone.xib */ = {
			isa = PBXVariantGroup;
			children = (
				5288031D159ECC1700C5D04A /* en */,
			);
			name = ViewController_iPhone.xib;
			sourceTree = "<group>";
		};
		5288031F159ECC1700C5D04A /* ViewController_iPad.xib */ = {
			isa = PBXVariantGroup;
			children = (
				52880320159ECC1700C5D04A /* en */,
			);
			name = ViewController_iPad.xib;
			sourceTree = "<group>";
		};
/* End PBXVariantGroup section */

/* Begin XCBuildConfiguration section */
		52880322159ECC1700C5D04A /* Debug */ = {
			isa = XCBuildConfiguration;
			buildSettings = {
				ALWAYS_SEARCH_USER_PATHS = NO;
				ARCHS = "$(ARCHS_STANDARD_32_BIT)";
				"CODE_SIGN_IDENTITY[sdk=iphoneos*]" = "iPhone Developer";
				COPY_PHASE_STRIP = NO;
				GCC_C_LANGUAGE_STANDARD = gnu99;
				GCC_DYNAMIC_NO_PIC = NO;
				GCC_OPTIMIZATION_LEVEL = 0;
				GCC_PREPROCESSOR_DEFINITIONS = (
					"DEBUG=1",
					"$(inherited)",
				);
				GCC_SYMBOLS_PRIVATE_EXTERN = NO;
				GCC_VERSION = com.apple.compilers.llvm.clang.1_0;
				GCC_WARN_ABOUT_RETURN_TYPE = YES;
				GCC_WARN_UNINITIALIZED_AUTOS = YES;
				GCC_WARN_UNUSED_VARIABLE = YES;
				HEADER_SEARCH_PATHS = "\"/usr/include/libxml2\"";
				IPHONEOS_DEPLOYMENT_TARGET = 5.1;
				OTHER_LDFLAGS = "\"-lxml2\"";
				SDKROOT = iphoneos;
				TARGETED_DEVICE_FAMILY = "1,2";
			};
			name = Debug;
		};
		52880323159ECC1700C5D04A /* Release */ = {
			isa = XCBuildConfiguration;
			buildSettings = {
				ALWAYS_SEARCH_USER_PATHS = NO;
				ARCHS = "$(ARCHS_STANDARD_32_BIT)";
				"CODE_SIGN_IDENTITY[sdk=iphoneos*]" = "iPhone Developer";
				COPY_PHASE_STRIP = YES;
				GCC_C_LANGUAGE_STANDARD = gnu99;
				GCC_VERSION = com.apple.compilers.llvm.clang.1_0;
				GCC_WARN_ABOUT_RETURN_TYPE = YES;
				GCC_WARN_UNINITIALIZED_AUTOS = YES;
				GCC_WARN_UNUSED_VARIABLE = YES;
				HEADER_SEARCH_PATHS = "\"/usr/include/libxml2\"";
				IPHONEOS_DEPLOYMENT_TARGET = 5.1;
				OTHER_CFLAGS = "-DNS_BLOCK_ASSERTIONS=1";
				OTHER_LDFLAGS = "\"-lxml2\"";
				SDKROOT = iphoneos;
				TARGETED_DEVICE_FAMILY = "1,2";
				VALIDATE_PRODUCT = YES;
			};
			name = Release;
		};
		52880325159ECC1700C5D04A /* Debug */ = {
			isa = XCBuildConfiguration;
			buildSettings = {
				GCC_PRECOMPILE_PREFIX_HEADER = YES;
				GCC_PREFIX_HEADER = "FlipView/JailBookings-Prefix.pch";
				INFOPLIST_FILE = "FlipView/JailBookings-Info.plist";
				PRODUCT_NAME = JailBookings;
				WRAPPER_EXTENSION = app;
			};
			name = Debug;
		};
		52880326159ECC1700C5D04A /* Release */ = {
			isa = XCBuildConfiguration;
			buildSettings = {
				GCC_PRECOMPILE_PREFIX_HEADER = YES;
				GCC_PREFIX_HEADER = "FlipView/JailBookings-Prefix.pch";
				INFOPLIST_FILE = "FlipView/JailBookings-Info.plist";
				PRODUCT_NAME = JailBookings;
				WRAPPER_EXTENSION = app;
			};
			name = Release;
		};
/* End XCBuildConfiguration section */

/* Begin XCConfigurationList section */
		528802FD159ECC1600C5D04A /* Build configuration list for PBXProject "JailBookings" */ = {
			isa = XCConfigurationList;
			buildConfigurations = (
				52880322159ECC1700C5D04A /* Debug */,
				52880323159ECC1700C5D04A /* Release */,
			);
			defaultConfigurationIsVisible = 0;
			defaultConfigurationName = Release;
		};
		52880324159ECC1700C5D04A /* Build configuration list for PBXNativeTarget "JailBookings" */ = {
			isa = XCConfigurationList;
			buildConfigurations = (
				52880325159ECC1700C5D04A /* Debug */,
				52880326159ECC1700C5D04A /* Release */,
			);
			defaultConfigurationIsVisible = 0;
			defaultConfigurationName = Release;
		};
/* End XCConfigurationList section */
	};
	rootObject = 528802FA159ECC1600C5D04A /* Project object */;
}
